
Microsoft Visual Studio Solution File, Format Version 12.00
# Visual Studio Version 17
VisualStudioVersion = 17.6.33723.286
MinimumVisualStudioVersion = 10.0.40219.1
Project("{9A19103F-16F7-4668-BE54-9A1E7A4F7556}") = "EFCore_First", "EFCore_First\EFCore_First.csproj", "{748C6563-8B88-4C47-A32F-D4FE5BF4032A}"
EndProject
Project("{FAE04EC0-301F-11D3-BF4B-00C04F79EFBC}") = "EFCore_FromDB", "EFCore_FromDB\EFCore_FromDB.csproj", "{66BED77E-C3AE-4260-A9A6-641576122905}"
EndProject
Global
	GlobalSection(SolutionConfigurationPlatforms) = preSolution
		Debug|Any CPU = Debug|Any CPU
		Release|Any CPU = Release|Any CPU
	EndGlobalSection
	GlobalSection(ProjectConfigurationPlatforms) = postSolution
		{748C6563-8B88-4C47-A32F-D4FE5BF4032A}.Debug|Any CPU.ActiveCfg = Debug|Any CPU
		{748C6563-8B88-4C47-A32F-D4FE5BF4032A}.Debug|Any CPU.Build.0 = Debug|Any CPU
		{748C6563-8B88-4C47-A32F-D4FE5BF4032A}.Release|Any CPU.ActiveCfg = Release|Any CPU
		{748C6563-8B88-4C47-A32F-D4FE5BF4032A}.Release|Any CPU.Build.0 = Release|Any CPU
		{66BED77E-C3AE-4260-A9A6-641576122905}.Debug|Any CPU.ActiveCfg = Debug|Any CPU
		{66BED77E-C3AE-4260-A9A6-641576122905}.Debug|Any CPU.Build.0 = Debug|Any CPU
		{66BED77E-C3AE-4260-A9A6-641576122905}.Release|Any CPU.ActiveCfg = Release|Any CPU
		{66BED77E-C3AE-4260-A9A6-641576122905}.Release|Any CPU.Build.0 = Release|Any CPU
	EndGlobalSection
	GlobalSection(SolutionProperties) = preSolution
		HideSolutionNode = FALSE
	EndGlobalSection
	GlobalSection(ExtensibilityGlobals) = postSolution
		SolutionGuid = {E595A925-8315-4625-9303-456004F16073}
	EndGlobalSection
EndGlobal
