
Microsoft Visual Studio Solution File, Format Version 12.00
# Visual Studio Version 17
VisualStudioVersion = 17.6.33723.286
MinimumVisualStudioVersion = 10.0.40219.1
Project("{FAE04EC0-301F-11D3-BF4B-00C04F79EFBC}") = "Oracle_OracleDependency", "Oracle_OracleDependency\Oracle_OracleDependency.csproj", "{A7F95930-361B-4F54-9013-72F571093163}"
EndProject
Global
	GlobalSection(SolutionConfigurationPlatforms) = preSolution
		Debug|Any CPU = Debug|Any CPU
		Release|Any CPU = Release|Any CPU
	EndGlobalSection
	GlobalSection(ProjectConfigurationPlatforms) = postSolution
		{A7F95930-361B-4F54-9013-72F571093163}.Debug|Any CPU.ActiveCfg = Debug|Any CPU
		{A7F95930-361B-4F54-9013-72F571093163}.Debug|Any CPU.Build.0 = Debug|Any CPU
		{A7F95930-361B-4F54-9013-72F571093163}.Release|Any CPU.ActiveCfg = Release|Any CPU
		{A7F95930-361B-4F54-9013-72F571093163}.Release|Any CPU.Build.0 = Release|Any CPU
	EndGlobalSection
	GlobalSection(SolutionProperties) = preSolution
		HideSolutionNode = FALSE
	EndGlobalSection
	GlobalSection(ExtensibilityGlobals) = postSolution
		SolutionGuid = {08BDA68C-AFA3-4FCA-A785-2BA13173F0DB}
	EndGlobalSection
EndGlobal
