
Microsoft Visual Studio Solution File, Format Version 12.00
# Visual Studio Version 17
VisualStudioVersion = 17.6.33723.286
MinimumVisualStudioVersion = 10.0.40219.1
Project("{9A19103F-16F7-4668-BE54-9A1E7A4F7556}") = "CS_Study", "CS_Study\CS_Study.csproj", "{E58FAEAB-B305-48F4-84ED-BAE718604ED0}"
EndProject
Project("{FAE04EC0-301F-11D3-BF4B-00C04F79EFBC}") = "MathQuiz", "MathQuiz\MathQuiz.csproj", "{EEEBFE37-A198-401A-8BE9-0B7089BAD759}"
EndProject
Project("{9A19103F-16F7-4668-BE54-9A1E7A4F7556}") = "mslearn-dotnet-files", "mslearn-dotnet-files\mslearn-dotnet-files.csproj", "{0883EE47-6BE4-44E8-8C55-8F30D563F16B}"
EndProject
Project("{FAE04EC0-301F-11D3-BF4B-00C04F79EFBC}") = "PictureViewer", "PictureViewer\PictureViewer.csproj", "{232B29CB-8379-4F9A-A756-9423F51C8179}"
EndProject
Project("{FAE04EC0-301F-11D3-BF4B-00C04F79EFBC}") = "WindowsForms_main", "WindowsForms_main\WindowsForms_main.csproj", "{6C144B2C-46EF-4B36-BAE2-A66B93A1839B}"
EndProject
Project("{9A19103F-16F7-4668-BE54-9A1E7A4F7556}") = "SQLServer", "SQLServer\SQLServer.csproj", "{67DB9806-3A6F-44EE-86A7-6588982E8079}"
EndProject
Project("{9A19103F-16F7-4668-BE54-9A1E7A4F7556}") = "EFCore_MySQL", "EFCore_MySQL\EFCore_MySQL.csproj", "{CDAE12F2-4F21-4C9A-9261-3244D4962A1E}"
EndProject
Project("{9A19103F-16F7-4668-BE54-9A1E7A4F7556}") = "Calculator", "Calculator\Calculator.csproj", "{9EF3579D-5817-461B-9282-5FA1EE53A7C9}"
EndProject
Project("{9A19103F-16F7-4668-BE54-9A1E7A4F7556}") = "WPF_Names", "Names\WPF_Names.csproj", "{A0589C8F-2237-46FC-89E0-784CFD2FD6CB}"
EndProject
Project("{9A19103F-16F7-4668-BE54-9A1E7A4F7556}") = "EFCore_MVC", "EFCore_MVC\EFCore_MVC.csproj", "{EFEB6AD4-EDA1-4A75-B949-C22EA292986B}"
EndProject
Project("{2150E333-8FDC-42A3-9474-1A3956D46DE8}") = "솔루션 항목", "솔루션 항목", "{B4F0EB98-E699-47ED-91CA-875892F6BA10}"
	ProjectSection(SolutionItems) = preProject
		README.md = README.md
	EndProjectSection
EndProject
Project("{9A19103F-16F7-4668-BE54-9A1E7A4F7556}") = "EFCore_SQLServer", "EFCore_SQLServer\EFCore_SQLServer.csproj", "{16F95551-1F76-4870-A9D3-D8E2D76E113A}"
EndProject
Project("{9A19103F-16F7-4668-BE54-9A1E7A4F7556}") = "MainForm", "MainForm\MainForm.csproj", "{DDB054A3-E8B3-470C-B6FF-F1EECE5C38B0}"
EndProject
Project("{9A19103F-16F7-4668-BE54-9A1E7A4F7556}") = "EFCore_SQLite_WinForms", "EFCore_SQLite_WinForms\EFCore_SQLite_WinForms.csproj", "{81F5CF8A-3D71-4508-9373-B704AA68DB8E}"
EndProject
Project("{9A19103F-16F7-4668-BE54-9A1E7A4F7556}") = "ThisCS", "ThisCS\ThisCS.csproj", "{75901772-9D73-40B3-B87B-DC9BF07CA1D8}"
EndProject
Project("{9A19103F-16F7-4668-BE54-9A1E7A4F7556}") = "WPF_HelloWPFApp", "WPF_HelloWPFApp\WPF_HelloWPFApp.csproj", "{54770409-2C6F-4D62-8738-9F80B3416A0E}"
EndProject
Project("{9A19103F-16F7-4668-BE54-9A1E7A4F7556}") = "ConfirmedPublish", "solace-samples-dotnet-master\src\ConfirmedDelivery\ConfirmedPublish.csproj", "{4C553644-9955-4DC1-A7C3-1383AEED36FC}"
EndProject
Project("{9A19103F-16F7-4668-BE54-9A1E7A4F7556}") = "TopicSubscriber", "solace-samples-dotnet-master\src\TopicSubscriber\TopicSubscriber.csproj", "{708D405A-EBEF-46A3-B58F-CC6350A60763}"
EndProject
Project("{9A19103F-16F7-4668-BE54-9A1E7A4F7556}") = "TopicPublisher", "solace-samples-dotnet-master\src\TopicPublisher\TopicPublisher.csproj", "{E5380C09-A227-44F7-A7D1-FF7A2A0BEF56}"
EndProject
Project("{9A19103F-16F7-4668-BE54-9A1E7A4F7556}") = "DesignPattern_Factory1", "DesignPattern_Factory1\DesignPattern_Factory1.csproj", "{74498DBB-33DC-46E7-9A7F-EE20776A9071}"
EndProject
Project("{9A19103F-16F7-4668-BE54-9A1E7A4F7556}") = "DesignPattern_Factory2", "DesignPattern_Factory2\DesignPattern_Factory2.csproj", "{E2A06871-0E8C-455F-8AC1-0FB648E12749}"
EndProject
Project("{9A19103F-16F7-4668-BE54-9A1E7A4F7556}") = "TopicToQueueMapping", "solace-samples-dotnet-master\src\TopicToQueueMapping\TopicToQueueMapping.csproj", "{233A9E0B-14F8-40BA-94D3-C52B97CBB7E9}"
EndProject
Project("{9A19103F-16F7-4668-BE54-9A1E7A4F7556}") = "QueueProducer", "solace-samples-dotnet-master\src\QueueProducer\QueueProducer.csproj", "{8EB9C7D1-3278-40A5-B156-B338A49EB74E}"
EndProject
Project("{9A19103F-16F7-4668-BE54-9A1E7A4F7556}") = "QueueConsumer", "solace-samples-dotnet-master\src\QueueConsumer\QueueConsumer.csproj", "{352F9780-3E03-4D9E-812D-5B723C996795}"
EndProject
Project("{9A19103F-16F7-4668-BE54-9A1E7A4F7556}") = "BasicReplier", "solace-samples-dotnet-master\src\BasicReplier\BasicReplier.csproj", "{63590344-675F-4C6C-87CC-F96DF8A70E86}"
EndProject
Project("{9A19103F-16F7-4668-BE54-9A1E7A4F7556}") = "BasicRequestor", "solace-samples-dotnet-master\src\BasicRequestor\BasicRequestor.csproj", "{2055669C-1EA5-4B03-BAC3-3CD4052FCD4A}"
EndProject
Project("{9A19103F-16F7-4668-BE54-9A1E7A4F7556}") = "DesignPattern_Factory3", "DesignPattern_Factory3\DesignPattern_Factory3.csproj", "{F1C88C93-623E-4C08-944C-889235BDB3F4}"
EndProject
Project("{9A19103F-16F7-4668-BE54-9A1E7A4F7556}") = "WPF_EFCore_GetStartedWPF", "WPF_EFCore_GetStartedWPF\WPF_EFCore_GetStartedWPF.csproj", "{B75A7C32-50F9-4A0D-87C8-4D5795857D71}"
EndProject
Project("{9A19103F-16F7-4668-BE54-9A1E7A4F7556}") = "BlazorServerSignalR", "BlazorServerSignalR\BlazorServerSignalR.csproj", "{45EBDAA0-4F8D-4628-A2BE-5733919D61A4}"
EndProject
Project("{9A19103F-16F7-4668-BE54-9A1E7A4F7556}") = "Wpf_Chat", "Wpf_Chat\Wpf_Chat.csproj", "{DDA5CD54-775E-41BF-B03F-6C23F0BA9C8F}"
EndProject
Project("{9A19103F-16F7-4668-BE54-9A1E7A4F7556}") = "WpfBase", "WpfBase\WpfBase.csproj", "{8AA55EFA-045C-494B-97B0-1B9BE831A220}"
EndProject
Project("{9A19103F-16F7-4668-BE54-9A1E7A4F7556}") = "WpfSQLite", "WpfSQLite\WpfSQLite.csproj", "{A55F3D56-7E3A-4DE9-80E2-54319C65C4D0}"
EndProject
Project("{9A19103F-16F7-4668-BE54-9A1E7A4F7556}") = "GetStartedWPF", "GetStartedWPF\GetStartedWPF.csproj", "{D9815540-9AC8-4FA9-96D8-F84B337674D2}"
EndProject
Project("{9A19103F-16F7-4668-BE54-9A1E7A4F7556}") = "DirectoryWatcher", "DirectoryWatcher\DirectoryWatcher.csproj", "{18EEA948-7D8D-485F-893E-F5E1F45686D9}"
EndProject
Project("{9A19103F-16F7-4668-BE54-9A1E7A4F7556}") = "EF6Basic", "EF6Basic\EF6Basic.csproj", "{27A6EDC5-8EBD-46F4-9211-583255382FEC}"
EndProject
Project("{9A19103F-16F7-4668-BE54-9A1E7A4F7556}") = "LogAnalysis", "LogAnalysis\LogAnalysis.csproj", "{0A3B0D77-13C4-42C8-948B-F870B7870848}"
EndProject
Project("{9A19103F-16F7-4668-BE54-9A1E7A4F7556}") = "SignalR_JavaScript", "SignalR_JavaScript\SignalR_JavaScript.csproj", "{30B97471-0223-432E-B3E7-AB81240626A0}"
EndProject
Project("{9A19103F-16F7-4668-BE54-9A1E7A4F7556}") = "Wpf_SignalR", "Wpf_SignalR\Wpf_SignalR.csproj", "{D0C50EFC-EBE0-4983-8B37-C497267A1F38}"
EndProject
Project("{9A19103F-16F7-4668-BE54-9A1E7A4F7556}") = "Wpf_DataBase", "Wpf_DataBase\Wpf_DataBase.csproj", "{FBEE0AB2-0814-4769-BBC0-06D4D7637CD2}"
EndProject
Global
	GlobalSection(SolutionConfigurationPlatforms) = preSolution
		Debug|Any CPU = Debug|Any CPU
		Debug|ARM = Debug|ARM
		Debug|ARM64 = Debug|ARM64
		Debug|x64 = Debug|x64
		Debug|x86 = Debug|x86
		Release|Any CPU = Release|Any CPU
		Release|ARM = Release|ARM
		Release|ARM64 = Release|ARM64
		Release|x64 = Release|x64
		Release|x86 = Release|x86
	EndGlobalSection
	GlobalSection(ProjectConfigurationPlatforms) = postSolution
		{E58FAEAB-B305-48F4-84ED-BAE718604ED0}.Debug|Any CPU.ActiveCfg = Debug|Any CPU
		{E58FAEAB-B305-48F4-84ED-BAE718604ED0}.Debug|Any CPU.Build.0 = Debug|Any CPU
		{E58FAEAB-B305-48F4-84ED-BAE718604ED0}.Debug|ARM.ActiveCfg = Debug|Any CPU
		{E58FAEAB-B305-48F4-84ED-BAE718604ED0}.Debug|ARM.Build.0 = Debug|Any CPU
		{E58FAEAB-B305-48F4-84ED-BAE718604ED0}.Debug|ARM64.ActiveCfg = Debug|Any CPU
		{E58FAEAB-B305-48F4-84ED-BAE718604ED0}.Debug|ARM64.Build.0 = Debug|Any CPU
		{E58FAEAB-B305-48F4-84ED-BAE718604ED0}.Debug|x64.ActiveCfg = Debug|Any CPU
		{E58FAEAB-B305-48F4-84ED-BAE718604ED0}.Debug|x64.Build.0 = Debug|Any CPU
		{E58FAEAB-B305-48F4-84ED-BAE718604ED0}.Debug|x86.ActiveCfg = Debug|Any CPU
		{E58FAEAB-B305-48F4-84ED-BAE718604ED0}.Debug|x86.Build.0 = Debug|Any CPU
		{E58FAEAB-B305-48F4-84ED-BAE718604ED0}.Release|Any CPU.ActiveCfg = Release|Any CPU
		{E58FAEAB-B305-48F4-84ED-BAE718604ED0}.Release|Any CPU.Build.0 = Release|Any CPU
		{E58FAEAB-B305-48F4-84ED-BAE718604ED0}.Release|ARM.ActiveCfg = Release|Any CPU
		{E58FAEAB-B305-48F4-84ED-BAE718604ED0}.Release|ARM.Build.0 = Release|Any CPU
		{E58FAEAB-B305-48F4-84ED-BAE718604ED0}.Release|ARM64.ActiveCfg = Release|Any CPU
		{E58FAEAB-B305-48F4-84ED-BAE718604ED0}.Release|ARM64.Build.0 = Release|Any CPU
		{E58FAEAB-B305-48F4-84ED-BAE718604ED0}.Release|x64.ActiveCfg = Release|Any CPU
		{E58FAEAB-B305-48F4-84ED-BAE718604ED0}.Release|x64.Build.0 = Release|Any CPU
		{E58FAEAB-B305-48F4-84ED-BAE718604ED0}.Release|x86.ActiveCfg = Release|Any CPU
		{E58FAEAB-B305-48F4-84ED-BAE718604ED0}.Release|x86.Build.0 = Release|Any CPU
		{EEEBFE37-A198-401A-8BE9-0B7089BAD759}.Debug|Any CPU.ActiveCfg = Debug|Any CPU
		{EEEBFE37-A198-401A-8BE9-0B7089BAD759}.Debug|Any CPU.Build.0 = Debug|Any CPU
		{EEEBFE37-A198-401A-8BE9-0B7089BAD759}.Debug|ARM.ActiveCfg = Debug|Any CPU
		{EEEBFE37-A198-401A-8BE9-0B7089BAD759}.Debug|ARM.Build.0 = Debug|Any CPU
		{EEEBFE37-A198-401A-8BE9-0B7089BAD759}.Debug|ARM64.ActiveCfg = Debug|Any CPU
		{EEEBFE37-A198-401A-8BE9-0B7089BAD759}.Debug|ARM64.Build.0 = Debug|Any CPU
		{EEEBFE37-A198-401A-8BE9-0B7089BAD759}.Debug|x64.ActiveCfg = Debug|Any CPU
		{EEEBFE37-A198-401A-8BE9-0B7089BAD759}.Debug|x64.Build.0 = Debug|Any CPU
		{EEEBFE37-A198-401A-8BE9-0B7089BAD759}.Debug|x86.ActiveCfg = Debug|Any CPU
		{EEEBFE37-A198-401A-8BE9-0B7089BAD759}.Debug|x86.Build.0 = Debug|Any CPU
		{EEEBFE37-A198-401A-8BE9-0B7089BAD759}.Release|Any CPU.ActiveCfg = Release|Any CPU
		{EEEBFE37-A198-401A-8BE9-0B7089BAD759}.Release|Any CPU.Build.0 = Release|Any CPU
		{EEEBFE37-A198-401A-8BE9-0B7089BAD759}.Release|ARM.ActiveCfg = Release|Any CPU
		{EEEBFE37-A198-401A-8BE9-0B7089BAD759}.Release|ARM.Build.0 = Release|Any CPU
		{EEEBFE37-A198-401A-8BE9-0B7089BAD759}.Release|ARM64.ActiveCfg = Release|Any CPU
		{EEEBFE37-A198-401A-8BE9-0B7089BAD759}.Release|ARM64.Build.0 = Release|Any CPU
		{EEEBFE37-A198-401A-8BE9-0B7089BAD759}.Release|x64.ActiveCfg = Release|Any CPU
		{EEEBFE37-A198-401A-8BE9-0B7089BAD759}.Release|x64.Build.0 = Release|Any CPU
		{EEEBFE37-A198-401A-8BE9-0B7089BAD759}.Release|x86.ActiveCfg = Release|Any CPU
		{EEEBFE37-A198-401A-8BE9-0B7089BAD759}.Release|x86.Build.0 = Release|Any CPU
		{0883EE47-6BE4-44E8-8C55-8F30D563F16B}.Debug|Any CPU.ActiveCfg = Debug|Any CPU
		{0883EE47-6BE4-44E8-8C55-8F30D563F16B}.Debug|Any CPU.Build.0 = Debug|Any CPU
		{0883EE47-6BE4-44E8-8C55-8F30D563F16B}.Debug|ARM.ActiveCfg = Debug|Any CPU
		{0883EE47-6BE4-44E8-8C55-8F30D563F16B}.Debug|ARM.Build.0 = Debug|Any CPU
		{0883EE47-6BE4-44E8-8C55-8F30D563F16B}.Debug|ARM64.ActiveCfg = Debug|Any CPU
		{0883EE47-6BE4-44E8-8C55-8F30D563F16B}.Debug|ARM64.Build.0 = Debug|Any CPU
		{0883EE47-6BE4-44E8-8C55-8F30D563F16B}.Debug|x64.ActiveCfg = Debug|Any CPU
		{0883EE47-6BE4-44E8-8C55-8F30D563F16B}.Debug|x64.Build.0 = Debug|Any CPU
		{0883EE47-6BE4-44E8-8C55-8F30D563F16B}.Debug|x86.ActiveCfg = Debug|Any CPU
		{0883EE47-6BE4-44E8-8C55-8F30D563F16B}.Debug|x86.Build.0 = Debug|Any CPU
		{0883EE47-6BE4-44E8-8C55-8F30D563F16B}.Release|Any CPU.ActiveCfg = Release|Any CPU
		{0883EE47-6BE4-44E8-8C55-8F30D563F16B}.Release|Any CPU.Build.0 = Release|Any CPU
		{0883EE47-6BE4-44E8-8C55-8F30D563F16B}.Release|ARM.ActiveCfg = Release|Any CPU
		{0883EE47-6BE4-44E8-8C55-8F30D563F16B}.Release|ARM.Build.0 = Release|Any CPU
		{0883EE47-6BE4-44E8-8C55-8F30D563F16B}.Release|ARM64.ActiveCfg = Release|Any CPU
		{0883EE47-6BE4-44E8-8C55-8F30D563F16B}.Release|ARM64.Build.0 = Release|Any CPU
		{0883EE47-6BE4-44E8-8C55-8F30D563F16B}.Release|x64.ActiveCfg = Release|Any CPU
		{0883EE47-6BE4-44E8-8C55-8F30D563F16B}.Release|x64.Build.0 = Release|Any CPU
		{0883EE47-6BE4-44E8-8C55-8F30D563F16B}.Release|x86.ActiveCfg = Release|Any CPU
		{0883EE47-6BE4-44E8-8C55-8F30D563F16B}.Release|x86.Build.0 = Release|Any CPU
		{232B29CB-8379-4F9A-A756-9423F51C8179}.Debug|Any CPU.ActiveCfg = Debug|Any CPU
		{232B29CB-8379-4F9A-A756-9423F51C8179}.Debug|Any CPU.Build.0 = Debug|Any CPU
		{232B29CB-8379-4F9A-A756-9423F51C8179}.Debug|ARM.ActiveCfg = Debug|Any CPU
		{232B29CB-8379-4F9A-A756-9423F51C8179}.Debug|ARM.Build.0 = Debug|Any CPU
		{232B29CB-8379-4F9A-A756-9423F51C8179}.Debug|ARM64.ActiveCfg = Debug|Any CPU
		{232B29CB-8379-4F9A-A756-9423F51C8179}.Debug|ARM64.Build.0 = Debug|Any CPU
		{232B29CB-8379-4F9A-A756-9423F51C8179}.Debug|x64.ActiveCfg = Debug|Any CPU
		{232B29CB-8379-4F9A-A756-9423F51C8179}.Debug|x64.Build.0 = Debug|Any CPU
		{232B29CB-8379-4F9A-A756-9423F51C8179}.Debug|x86.ActiveCfg = Debug|Any CPU
		{232B29CB-8379-4F9A-A756-9423F51C8179}.Debug|x86.Build.0 = Debug|Any CPU
		{232B29CB-8379-4F9A-A756-9423F51C8179}.Release|Any CPU.ActiveCfg = Release|Any CPU
		{232B29CB-8379-4F9A-A756-9423F51C8179}.Release|Any CPU.Build.0 = Release|Any CPU
		{232B29CB-8379-4F9A-A756-9423F51C8179}.Release|ARM.ActiveCfg = Release|Any CPU
		{232B29CB-8379-4F9A-A756-9423F51C8179}.Release|ARM.Build.0 = Release|Any CPU
		{232B29CB-8379-4F9A-A756-9423F51C8179}.Release|ARM64.ActiveCfg = Release|Any CPU
		{232B29CB-8379-4F9A-A756-9423F51C8179}.Release|ARM64.Build.0 = Release|Any CPU
		{232B29CB-8379-4F9A-A756-9423F51C8179}.Release|x64.ActiveCfg = Release|Any CPU
		{232B29CB-8379-4F9A-A756-9423F51C8179}.Release|x64.Build.0 = Release|Any CPU
		{232B29CB-8379-4F9A-A756-9423F51C8179}.Release|x86.ActiveCfg = Release|Any CPU
		{232B29CB-8379-4F9A-A756-9423F51C8179}.Release|x86.Build.0 = Release|Any CPU
		{6C144B2C-46EF-4B36-BAE2-A66B93A1839B}.Debug|Any CPU.ActiveCfg = Debug|Any CPU
		{6C144B2C-46EF-4B36-BAE2-A66B93A1839B}.Debug|Any CPU.Build.0 = Debug|Any CPU
		{6C144B2C-46EF-4B36-BAE2-A66B93A1839B}.Debug|ARM.ActiveCfg = Debug|Any CPU
		{6C144B2C-46EF-4B36-BAE2-A66B93A1839B}.Debug|ARM.Build.0 = Debug|Any CPU
		{6C144B2C-46EF-4B36-BAE2-A66B93A1839B}.Debug|ARM64.ActiveCfg = Debug|Any CPU
		{6C144B2C-46EF-4B36-BAE2-A66B93A1839B}.Debug|ARM64.Build.0 = Debug|Any CPU
		{6C144B2C-46EF-4B36-BAE2-A66B93A1839B}.Debug|x64.ActiveCfg = Debug|Any CPU
		{6C144B2C-46EF-4B36-BAE2-A66B93A1839B}.Debug|x64.Build.0 = Debug|Any CPU
		{6C144B2C-46EF-4B36-BAE2-A66B93A1839B}.Debug|x86.ActiveCfg = Debug|Any CPU
		{6C144B2C-46EF-4B36-BAE2-A66B93A1839B}.Debug|x86.Build.0 = Debug|Any CPU
		{6C144B2C-46EF-4B36-BAE2-A66B93A1839B}.Release|Any CPU.ActiveCfg = Release|Any CPU
		{6C144B2C-46EF-4B36-BAE2-A66B93A1839B}.Release|Any CPU.Build.0 = Release|Any CPU
		{6C144B2C-46EF-4B36-BAE2-A66B93A1839B}.Release|ARM.ActiveCfg = Release|Any CPU
		{6C144B2C-46EF-4B36-BAE2-A66B93A1839B}.Release|ARM.Build.0 = Release|Any CPU
		{6C144B2C-46EF-4B36-BAE2-A66B93A1839B}.Release|ARM64.ActiveCfg = Release|Any CPU
		{6C144B2C-46EF-4B36-BAE2-A66B93A1839B}.Release|ARM64.Build.0 = Release|Any CPU
		{6C144B2C-46EF-4B36-BAE2-A66B93A1839B}.Release|x64.ActiveCfg = Release|Any CPU
		{6C144B2C-46EF-4B36-BAE2-A66B93A1839B}.Release|x64.Build.0 = Release|Any CPU
		{6C144B2C-46EF-4B36-BAE2-A66B93A1839B}.Release|x86.ActiveCfg = Release|Any CPU
		{6C144B2C-46EF-4B36-BAE2-A66B93A1839B}.Release|x86.Build.0 = Release|Any CPU
		{67DB9806-3A6F-44EE-86A7-6588982E8079}.Debug|Any CPU.ActiveCfg = Debug|Any CPU
		{67DB9806-3A6F-44EE-86A7-6588982E8079}.Debug|Any CPU.Build.0 = Debug|Any CPU
		{67DB9806-3A6F-44EE-86A7-6588982E8079}.Debug|ARM.ActiveCfg = Debug|Any CPU
		{67DB9806-3A6F-44EE-86A7-6588982E8079}.Debug|ARM.Build.0 = Debug|Any CPU
		{67DB9806-3A6F-44EE-86A7-6588982E8079}.Debug|ARM64.ActiveCfg = Debug|Any CPU
		{67DB9806-3A6F-44EE-86A7-6588982E8079}.Debug|ARM64.Build.0 = Debug|Any CPU
		{67DB9806-3A6F-44EE-86A7-6588982E8079}.Debug|x64.ActiveCfg = Debug|Any CPU
		{67DB9806-3A6F-44EE-86A7-6588982E8079}.Debug|x64.Build.0 = Debug|Any CPU
		{67DB9806-3A6F-44EE-86A7-6588982E8079}.Debug|x86.ActiveCfg = Debug|Any CPU
		{67DB9806-3A6F-44EE-86A7-6588982E8079}.Debug|x86.Build.0 = Debug|Any CPU
		{67DB9806-3A6F-44EE-86A7-6588982E8079}.Release|Any CPU.ActiveCfg = Release|Any CPU
		{67DB9806-3A6F-44EE-86A7-6588982E8079}.Release|Any CPU.Build.0 = Release|Any CPU
		{67DB9806-3A6F-44EE-86A7-6588982E8079}.Release|ARM.ActiveCfg = Release|Any CPU
		{67DB9806-3A6F-44EE-86A7-6588982E8079}.Release|ARM.Build.0 = Release|Any CPU
		{67DB9806-3A6F-44EE-86A7-6588982E8079}.Release|ARM64.ActiveCfg = Release|Any CPU
		{67DB9806-3A6F-44EE-86A7-6588982E8079}.Release|ARM64.Build.0 = Release|Any CPU
		{67DB9806-3A6F-44EE-86A7-6588982E8079}.Release|x64.ActiveCfg = Release|Any CPU
		{67DB9806-3A6F-44EE-86A7-6588982E8079}.Release|x64.Build.0 = Release|Any CPU
		{67DB9806-3A6F-44EE-86A7-6588982E8079}.Release|x86.ActiveCfg = Release|Any CPU
		{67DB9806-3A6F-44EE-86A7-6588982E8079}.Release|x86.Build.0 = Release|Any CPU
		{CDAE12F2-4F21-4C9A-9261-3244D4962A1E}.Debug|Any CPU.ActiveCfg = Debug|Any CPU
		{CDAE12F2-4F21-4C9A-9261-3244D4962A1E}.Debug|Any CPU.Build.0 = Debug|Any CPU
		{CDAE12F2-4F21-4C9A-9261-3244D4962A1E}.Debug|ARM.ActiveCfg = Debug|Any CPU
		{CDAE12F2-4F21-4C9A-9261-3244D4962A1E}.Debug|ARM.Build.0 = Debug|Any CPU
		{CDAE12F2-4F21-4C9A-9261-3244D4962A1E}.Debug|ARM64.ActiveCfg = Debug|Any CPU
		{CDAE12F2-4F21-4C9A-9261-3244D4962A1E}.Debug|ARM64.Build.0 = Debug|Any CPU
		{CDAE12F2-4F21-4C9A-9261-3244D4962A1E}.Debug|x64.ActiveCfg = Debug|Any CPU
		{CDAE12F2-4F21-4C9A-9261-3244D4962A1E}.Debug|x64.Build.0 = Debug|Any CPU
		{CDAE12F2-4F21-4C9A-9261-3244D4962A1E}.Debug|x86.ActiveCfg = Debug|Any CPU
		{CDAE12F2-4F21-4C9A-9261-3244D4962A1E}.Debug|x86.Build.0 = Debug|Any CPU
		{CDAE12F2-4F21-4C9A-9261-3244D4962A1E}.Release|Any CPU.ActiveCfg = Release|Any CPU
		{CDAE12F2-4F21-4C9A-9261-3244D4962A1E}.Release|Any CPU.Build.0 = Release|Any CPU
		{CDAE12F2-4F21-4C9A-9261-3244D4962A1E}.Release|ARM.ActiveCfg = Release|Any CPU
		{CDAE12F2-4F21-4C9A-9261-3244D4962A1E}.Release|ARM.Build.0 = Release|Any CPU
		{CDAE12F2-4F21-4C9A-9261-3244D4962A1E}.Release|ARM64.ActiveCfg = Release|Any CPU
		{CDAE12F2-4F21-4C9A-9261-3244D4962A1E}.Release|ARM64.Build.0 = Release|Any CPU
		{CDAE12F2-4F21-4C9A-9261-3244D4962A1E}.Release|x64.ActiveCfg = Release|Any CPU
		{CDAE12F2-4F21-4C9A-9261-3244D4962A1E}.Release|x64.Build.0 = Release|Any CPU
		{CDAE12F2-4F21-4C9A-9261-3244D4962A1E}.Release|x86.ActiveCfg = Release|Any CPU
		{CDAE12F2-4F21-4C9A-9261-3244D4962A1E}.Release|x86.Build.0 = Release|Any CPU
		{9EF3579D-5817-461B-9282-5FA1EE53A7C9}.Debug|Any CPU.ActiveCfg = Debug|Any CPU
		{9EF3579D-5817-461B-9282-5FA1EE53A7C9}.Debug|Any CPU.Build.0 = Debug|Any CPU
		{9EF3579D-5817-461B-9282-5FA1EE53A7C9}.Debug|ARM.ActiveCfg = Debug|Any CPU
		{9EF3579D-5817-461B-9282-5FA1EE53A7C9}.Debug|ARM.Build.0 = Debug|Any CPU
		{9EF3579D-5817-461B-9282-5FA1EE53A7C9}.Debug|ARM64.ActiveCfg = Debug|Any CPU
		{9EF3579D-5817-461B-9282-5FA1EE53A7C9}.Debug|ARM64.Build.0 = Debug|Any CPU
		{9EF3579D-5817-461B-9282-5FA1EE53A7C9}.Debug|x64.ActiveCfg = Debug|Any CPU
		{9EF3579D-5817-461B-9282-5FA1EE53A7C9}.Debug|x64.Build.0 = Debug|Any CPU
		{9EF3579D-5817-461B-9282-5FA1EE53A7C9}.Debug|x86.ActiveCfg = Debug|Any CPU
		{9EF3579D-5817-461B-9282-5FA1EE53A7C9}.Debug|x86.Build.0 = Debug|Any CPU
		{9EF3579D-5817-461B-9282-5FA1EE53A7C9}.Release|Any CPU.ActiveCfg = Release|Any CPU
		{9EF3579D-5817-461B-9282-5FA1EE53A7C9}.Release|Any CPU.Build.0 = Release|Any CPU
		{9EF3579D-5817-461B-9282-5FA1EE53A7C9}.Release|ARM.ActiveCfg = Release|Any CPU
		{9EF3579D-5817-461B-9282-5FA1EE53A7C9}.Release|ARM.Build.0 = Release|Any CPU
		{9EF3579D-5817-461B-9282-5FA1EE53A7C9}.Release|ARM64.ActiveCfg = Release|Any CPU
		{9EF3579D-5817-461B-9282-5FA1EE53A7C9}.Release|ARM64.Build.0 = Release|Any CPU
		{9EF3579D-5817-461B-9282-5FA1EE53A7C9}.Release|x64.ActiveCfg = Release|Any CPU
		{9EF3579D-5817-461B-9282-5FA1EE53A7C9}.Release|x64.Build.0 = Release|Any CPU
		{9EF3579D-5817-461B-9282-5FA1EE53A7C9}.Release|x86.ActiveCfg = Release|Any CPU
		{9EF3579D-5817-461B-9282-5FA1EE53A7C9}.Release|x86.Build.0 = Release|Any CPU
		{A0589C8F-2237-46FC-89E0-784CFD2FD6CB}.Debug|Any CPU.ActiveCfg = Debug|Any CPU
		{A0589C8F-2237-46FC-89E0-784CFD2FD6CB}.Debug|Any CPU.Build.0 = Debug|Any CPU
		{A0589C8F-2237-46FC-89E0-784CFD2FD6CB}.Debug|ARM.ActiveCfg = Debug|Any CPU
		{A0589C8F-2237-46FC-89E0-784CFD2FD6CB}.Debug|ARM.Build.0 = Debug|Any CPU
		{A0589C8F-2237-46FC-89E0-784CFD2FD6CB}.Debug|ARM64.ActiveCfg = Debug|Any CPU
		{A0589C8F-2237-46FC-89E0-784CFD2FD6CB}.Debug|ARM64.Build.0 = Debug|Any CPU
		{A0589C8F-2237-46FC-89E0-784CFD2FD6CB}.Debug|x64.ActiveCfg = Debug|Any CPU
		{A0589C8F-2237-46FC-89E0-784CFD2FD6CB}.Debug|x64.Build.0 = Debug|Any CPU
		{A0589C8F-2237-46FC-89E0-784CFD2FD6CB}.Debug|x86.ActiveCfg = Debug|Any CPU
		{A0589C8F-2237-46FC-89E0-784CFD2FD6CB}.Debug|x86.Build.0 = Debug|Any CPU
		{A0589C8F-2237-46FC-89E0-784CFD2FD6CB}.Release|Any CPU.ActiveCfg = Release|Any CPU
		{A0589C8F-2237-46FC-89E0-784CFD2FD6CB}.Release|Any CPU.Build.0 = Release|Any CPU
		{A0589C8F-2237-46FC-89E0-784CFD2FD6CB}.Release|ARM.ActiveCfg = Release|Any CPU
		{A0589C8F-2237-46FC-89E0-784CFD2FD6CB}.Release|ARM.Build.0 = Release|Any CPU
		{A0589C8F-2237-46FC-89E0-784CFD2FD6CB}.Release|ARM64.ActiveCfg = Release|Any CPU
		{A0589C8F-2237-46FC-89E0-784CFD2FD6CB}.Release|ARM64.Build.0 = Release|Any CPU
		{A0589C8F-2237-46FC-89E0-784CFD2FD6CB}.Release|x64.ActiveCfg = Release|Any CPU
		{A0589C8F-2237-46FC-89E0-784CFD2FD6CB}.Release|x64.Build.0 = Release|Any CPU
		{A0589C8F-2237-46FC-89E0-784CFD2FD6CB}.Release|x86.ActiveCfg = Release|Any CPU
		{A0589C8F-2237-46FC-89E0-784CFD2FD6CB}.Release|x86.Build.0 = Release|Any CPU
		{EFEB6AD4-EDA1-4A75-B949-C22EA292986B}.Debug|Any CPU.ActiveCfg = Debug|Any CPU
		{EFEB6AD4-EDA1-4A75-B949-C22EA292986B}.Debug|Any CPU.Build.0 = Debug|Any CPU
		{EFEB6AD4-EDA1-4A75-B949-C22EA292986B}.Debug|ARM.ActiveCfg = Debug|Any CPU
		{EFEB6AD4-EDA1-4A75-B949-C22EA292986B}.Debug|ARM.Build.0 = Debug|Any CPU
		{EFEB6AD4-EDA1-4A75-B949-C22EA292986B}.Debug|ARM64.ActiveCfg = Debug|Any CPU
		{EFEB6AD4-EDA1-4A75-B949-C22EA292986B}.Debug|ARM64.Build.0 = Debug|Any CPU
		{EFEB6AD4-EDA1-4A75-B949-C22EA292986B}.Debug|x64.ActiveCfg = Debug|Any CPU
		{EFEB6AD4-EDA1-4A75-B949-C22EA292986B}.Debug|x64.Build.0 = Debug|Any CPU
		{EFEB6AD4-EDA1-4A75-B949-C22EA292986B}.Debug|x86.ActiveCfg = Debug|Any CPU
		{EFEB6AD4-EDA1-4A75-B949-C22EA292986B}.Debug|x86.Build.0 = Debug|Any CPU
		{EFEB6AD4-EDA1-4A75-B949-C22EA292986B}.Release|Any CPU.ActiveCfg = Release|Any CPU
		{EFEB6AD4-EDA1-4A75-B949-C22EA292986B}.Release|Any CPU.Build.0 = Release|Any CPU
		{EFEB6AD4-EDA1-4A75-B949-C22EA292986B}.Release|ARM.ActiveCfg = Release|Any CPU
		{EFEB6AD4-EDA1-4A75-B949-C22EA292986B}.Release|ARM.Build.0 = Release|Any CPU
		{EFEB6AD4-EDA1-4A75-B949-C22EA292986B}.Release|ARM64.ActiveCfg = Release|Any CPU
		{EFEB6AD4-EDA1-4A75-B949-C22EA292986B}.Release|ARM64.Build.0 = Release|Any CPU
		{EFEB6AD4-EDA1-4A75-B949-C22EA292986B}.Release|x64.ActiveCfg = Release|Any CPU
		{EFEB6AD4-EDA1-4A75-B949-C22EA292986B}.Release|x64.Build.0 = Release|Any CPU
		{EFEB6AD4-EDA1-4A75-B949-C22EA292986B}.Release|x86.ActiveCfg = Release|Any CPU
		{EFEB6AD4-EDA1-4A75-B949-C22EA292986B}.Release|x86.Build.0 = Release|Any CPU
		{16F95551-1F76-4870-A9D3-D8E2D76E113A}.Debug|Any CPU.ActiveCfg = Debug|Any CPU
		{16F95551-1F76-4870-A9D3-D8E2D76E113A}.Debug|Any CPU.Build.0 = Debug|Any CPU
		{16F95551-1F76-4870-A9D3-D8E2D76E113A}.Debug|ARM.ActiveCfg = Debug|Any CPU
		{16F95551-1F76-4870-A9D3-D8E2D76E113A}.Debug|ARM.Build.0 = Debug|Any CPU
		{16F95551-1F76-4870-A9D3-D8E2D76E113A}.Debug|ARM64.ActiveCfg = Debug|Any CPU
		{16F95551-1F76-4870-A9D3-D8E2D76E113A}.Debug|ARM64.Build.0 = Debug|Any CPU
		{16F95551-1F76-4870-A9D3-D8E2D76E113A}.Debug|x64.ActiveCfg = Debug|Any CPU
		{16F95551-1F76-4870-A9D3-D8E2D76E113A}.Debug|x64.Build.0 = Debug|Any CPU
		{16F95551-1F76-4870-A9D3-D8E2D76E113A}.Debug|x86.ActiveCfg = Debug|Any CPU
		{16F95551-1F76-4870-A9D3-D8E2D76E113A}.Debug|x86.Build.0 = Debug|Any CPU
		{16F95551-1F76-4870-A9D3-D8E2D76E113A}.Release|Any CPU.ActiveCfg = Release|Any CPU
		{16F95551-1F76-4870-A9D3-D8E2D76E113A}.Release|Any CPU.Build.0 = Release|Any CPU
		{16F95551-1F76-4870-A9D3-D8E2D76E113A}.Release|ARM.ActiveCfg = Release|Any CPU
		{16F95551-1F76-4870-A9D3-D8E2D76E113A}.Release|ARM.Build.0 = Release|Any CPU
		{16F95551-1F76-4870-A9D3-D8E2D76E113A}.Release|ARM64.ActiveCfg = Release|Any CPU
		{16F95551-1F76-4870-A9D3-D8E2D76E113A}.Release|ARM64.Build.0 = Release|Any CPU
		{16F95551-1F76-4870-A9D3-D8E2D76E113A}.Release|x64.ActiveCfg = Release|Any CPU
		{16F95551-1F76-4870-A9D3-D8E2D76E113A}.Release|x64.Build.0 = Release|Any CPU
		{16F95551-1F76-4870-A9D3-D8E2D76E113A}.Release|x86.ActiveCfg = Release|Any CPU
		{16F95551-1F76-4870-A9D3-D8E2D76E113A}.Release|x86.Build.0 = Release|Any CPU
		{DDB054A3-E8B3-470C-B6FF-F1EECE5C38B0}.Debug|Any CPU.ActiveCfg = Debug|Any CPU
		{DDB054A3-E8B3-470C-B6FF-F1EECE5C38B0}.Debug|Any CPU.Build.0 = Debug|Any CPU
		{DDB054A3-E8B3-470C-B6FF-F1EECE5C38B0}.Debug|ARM.ActiveCfg = Debug|Any CPU
		{DDB054A3-E8B3-470C-B6FF-F1EECE5C38B0}.Debug|ARM.Build.0 = Debug|Any CPU
		{DDB054A3-E8B3-470C-B6FF-F1EECE5C38B0}.Debug|ARM64.ActiveCfg = Debug|Any CPU
		{DDB054A3-E8B3-470C-B6FF-F1EECE5C38B0}.Debug|ARM64.Build.0 = Debug|Any CPU
		{DDB054A3-E8B3-470C-B6FF-F1EECE5C38B0}.Debug|x64.ActiveCfg = Debug|Any CPU
		{DDB054A3-E8B3-470C-B6FF-F1EECE5C38B0}.Debug|x64.Build.0 = Debug|Any CPU
		{DDB054A3-E8B3-470C-B6FF-F1EECE5C38B0}.Debug|x86.ActiveCfg = Debug|Any CPU
		{DDB054A3-E8B3-470C-B6FF-F1EECE5C38B0}.Debug|x86.Build.0 = Debug|Any CPU
		{DDB054A3-E8B3-470C-B6FF-F1EECE5C38B0}.Release|Any CPU.ActiveCfg = Release|Any CPU
		{DDB054A3-E8B3-470C-B6FF-F1EECE5C38B0}.Release|Any CPU.Build.0 = Release|Any CPU
		{DDB054A3-E8B3-470C-B6FF-F1EECE5C38B0}.Release|ARM.ActiveCfg = Release|Any CPU
		{DDB054A3-E8B3-470C-B6FF-F1EECE5C38B0}.Release|ARM.Build.0 = Release|Any CPU
		{DDB054A3-E8B3-470C-B6FF-F1EECE5C38B0}.Release|ARM64.ActiveCfg = Release|Any CPU
		{DDB054A3-E8B3-470C-B6FF-F1EECE5C38B0}.Release|ARM64.Build.0 = Release|Any CPU
		{DDB054A3-E8B3-470C-B6FF-F1EECE5C38B0}.Release|x64.ActiveCfg = Release|Any CPU
		{DDB054A3-E8B3-470C-B6FF-F1EECE5C38B0}.Release|x64.Build.0 = Release|Any CPU
		{DDB054A3-E8B3-470C-B6FF-F1EECE5C38B0}.Release|x86.ActiveCfg = Release|Any CPU
		{DDB054A3-E8B3-470C-B6FF-F1EECE5C38B0}.Release|x86.Build.0 = Release|Any CPU
		{81F5CF8A-3D71-4508-9373-B704AA68DB8E}.Debug|Any CPU.ActiveCfg = Debug|Any CPU
		{81F5CF8A-3D71-4508-9373-B704AA68DB8E}.Debug|Any CPU.Build.0 = Debug|Any CPU
		{81F5CF8A-3D71-4508-9373-B704AA68DB8E}.Debug|ARM.ActiveCfg = Debug|Any CPU
		{81F5CF8A-3D71-4508-9373-B704AA68DB8E}.Debug|ARM.Build.0 = Debug|Any CPU
		{81F5CF8A-3D71-4508-9373-B704AA68DB8E}.Debug|ARM64.ActiveCfg = Debug|Any CPU
		{81F5CF8A-3D71-4508-9373-B704AA68DB8E}.Debug|ARM64.Build.0 = Debug|Any CPU
		{81F5CF8A-3D71-4508-9373-B704AA68DB8E}.Debug|x64.ActiveCfg = Debug|Any CPU
		{81F5CF8A-3D71-4508-9373-B704AA68DB8E}.Debug|x64.Build.0 = Debug|Any CPU
		{81F5CF8A-3D71-4508-9373-B704AA68DB8E}.Debug|x86.ActiveCfg = Debug|Any CPU
		{81F5CF8A-3D71-4508-9373-B704AA68DB8E}.Debug|x86.Build.0 = Debug|Any CPU
		{81F5CF8A-3D71-4508-9373-B704AA68DB8E}.Release|Any CPU.ActiveCfg = Release|Any CPU
		{81F5CF8A-3D71-4508-9373-B704AA68DB8E}.Release|Any CPU.Build.0 = Release|Any CPU
		{81F5CF8A-3D71-4508-9373-B704AA68DB8E}.Release|ARM.ActiveCfg = Release|Any CPU
		{81F5CF8A-3D71-4508-9373-B704AA68DB8E}.Release|ARM.Build.0 = Release|Any CPU
		{81F5CF8A-3D71-4508-9373-B704AA68DB8E}.Release|ARM64.ActiveCfg = Release|Any CPU
		{81F5CF8A-3D71-4508-9373-B704AA68DB8E}.Release|ARM64.Build.0 = Release|Any CPU
		{81F5CF8A-3D71-4508-9373-B704AA68DB8E}.Release|x64.ActiveCfg = Release|Any CPU
		{81F5CF8A-3D71-4508-9373-B704AA68DB8E}.Release|x64.Build.0 = Release|Any CPU
		{81F5CF8A-3D71-4508-9373-B704AA68DB8E}.Release|x86.ActiveCfg = Release|Any CPU
		{81F5CF8A-3D71-4508-9373-B704AA68DB8E}.Release|x86.Build.0 = Release|Any CPU
		{75901772-9D73-40B3-B87B-DC9BF07CA1D8}.Debug|Any CPU.ActiveCfg = Debug|Any CPU
		{75901772-9D73-40B3-B87B-DC9BF07CA1D8}.Debug|Any CPU.Build.0 = Debug|Any CPU
		{75901772-9D73-40B3-B87B-DC9BF07CA1D8}.Debug|ARM.ActiveCfg = Debug|Any CPU
		{75901772-9D73-40B3-B87B-DC9BF07CA1D8}.Debug|ARM.Build.0 = Debug|Any CPU
		{75901772-9D73-40B3-B87B-DC9BF07CA1D8}.Debug|ARM64.ActiveCfg = Debug|Any CPU
		{75901772-9D73-40B3-B87B-DC9BF07CA1D8}.Debug|ARM64.Build.0 = Debug|Any CPU
		{75901772-9D73-40B3-B87B-DC9BF07CA1D8}.Debug|x64.ActiveCfg = Debug|Any CPU
		{75901772-9D73-40B3-B87B-DC9BF07CA1D8}.Debug|x64.Build.0 = Debug|Any CPU
		{75901772-9D73-40B3-B87B-DC9BF07CA1D8}.Debug|x86.ActiveCfg = Debug|Any CPU
		{75901772-9D73-40B3-B87B-DC9BF07CA1D8}.Debug|x86.Build.0 = Debug|Any CPU
		{75901772-9D73-40B3-B87B-DC9BF07CA1D8}.Release|Any CPU.ActiveCfg = Release|Any CPU
		{75901772-9D73-40B3-B87B-DC9BF07CA1D8}.Release|Any CPU.Build.0 = Release|Any CPU
		{75901772-9D73-40B3-B87B-DC9BF07CA1D8}.Release|ARM.ActiveCfg = Release|Any CPU
		{75901772-9D73-40B3-B87B-DC9BF07CA1D8}.Release|ARM.Build.0 = Release|Any CPU
		{75901772-9D73-40B3-B87B-DC9BF07CA1D8}.Release|ARM64.ActiveCfg = Release|Any CPU
		{75901772-9D73-40B3-B87B-DC9BF07CA1D8}.Release|ARM64.Build.0 = Release|Any CPU
		{75901772-9D73-40B3-B87B-DC9BF07CA1D8}.Release|x64.ActiveCfg = Release|Any CPU
		{75901772-9D73-40B3-B87B-DC9BF07CA1D8}.Release|x64.Build.0 = Release|Any CPU
		{75901772-9D73-40B3-B87B-DC9BF07CA1D8}.Release|x86.ActiveCfg = Release|Any CPU
		{75901772-9D73-40B3-B87B-DC9BF07CA1D8}.Release|x86.Build.0 = Release|Any CPU
		{54770409-2C6F-4D62-8738-9F80B3416A0E}.Debug|Any CPU.ActiveCfg = Debug|Any CPU
		{54770409-2C6F-4D62-8738-9F80B3416A0E}.Debug|Any CPU.Build.0 = Debug|Any CPU
		{54770409-2C6F-4D62-8738-9F80B3416A0E}.Debug|ARM.ActiveCfg = Debug|Any CPU
		{54770409-2C6F-4D62-8738-9F80B3416A0E}.Debug|ARM.Build.0 = Debug|Any CPU
		{54770409-2C6F-4D62-8738-9F80B3416A0E}.Debug|ARM64.ActiveCfg = Debug|Any CPU
		{54770409-2C6F-4D62-8738-9F80B3416A0E}.Debug|ARM64.Build.0 = Debug|Any CPU
		{54770409-2C6F-4D62-8738-9F80B3416A0E}.Debug|x64.ActiveCfg = Debug|Any CPU
		{54770409-2C6F-4D62-8738-9F80B3416A0E}.Debug|x64.Build.0 = Debug|Any CPU
		{54770409-2C6F-4D62-8738-9F80B3416A0E}.Debug|x86.ActiveCfg = Debug|Any CPU
		{54770409-2C6F-4D62-8738-9F80B3416A0E}.Debug|x86.Build.0 = Debug|Any CPU
		{54770409-2C6F-4D62-8738-9F80B3416A0E}.Release|Any CPU.ActiveCfg = Release|Any CPU
		{54770409-2C6F-4D62-8738-9F80B3416A0E}.Release|Any CPU.Build.0 = Release|Any CPU
		{54770409-2C6F-4D62-8738-9F80B3416A0E}.Release|ARM.ActiveCfg = Release|Any CPU
		{54770409-2C6F-4D62-8738-9F80B3416A0E}.Release|ARM.Build.0 = Release|Any CPU
		{54770409-2C6F-4D62-8738-9F80B3416A0E}.Release|ARM64.ActiveCfg = Release|Any CPU
		{54770409-2C6F-4D62-8738-9F80B3416A0E}.Release|ARM64.Build.0 = Release|Any CPU
		{54770409-2C6F-4D62-8738-9F80B3416A0E}.Release|x64.ActiveCfg = Release|Any CPU
		{54770409-2C6F-4D62-8738-9F80B3416A0E}.Release|x64.Build.0 = Release|Any CPU
		{54770409-2C6F-4D62-8738-9F80B3416A0E}.Release|x86.ActiveCfg = Release|Any CPU
		{54770409-2C6F-4D62-8738-9F80B3416A0E}.Release|x86.Build.0 = Release|Any CPU
		{4C553644-9955-4DC1-A7C3-1383AEED36FC}.Debug|Any CPU.ActiveCfg = Debug|Any CPU
		{4C553644-9955-4DC1-A7C3-1383AEED36FC}.Debug|Any CPU.Build.0 = Debug|Any CPU
		{4C553644-9955-4DC1-A7C3-1383AEED36FC}.Debug|ARM.ActiveCfg = Debug|Any CPU
		{4C553644-9955-4DC1-A7C3-1383AEED36FC}.Debug|ARM.Build.0 = Debug|Any CPU
		{4C553644-9955-4DC1-A7C3-1383AEED36FC}.Debug|ARM64.ActiveCfg = Debug|Any CPU
		{4C553644-9955-4DC1-A7C3-1383AEED36FC}.Debug|ARM64.Build.0 = Debug|Any CPU
		{4C553644-9955-4DC1-A7C3-1383AEED36FC}.Debug|x64.ActiveCfg = Debug|Any CPU
		{4C553644-9955-4DC1-A7C3-1383AEED36FC}.Debug|x64.Build.0 = Debug|Any CPU
		{4C553644-9955-4DC1-A7C3-1383AEED36FC}.Debug|x86.ActiveCfg = Debug|Any CPU
		{4C553644-9955-4DC1-A7C3-1383AEED36FC}.Debug|x86.Build.0 = Debug|Any CPU
		{4C553644-9955-4DC1-A7C3-1383AEED36FC}.Release|Any CPU.ActiveCfg = Release|Any CPU
		{4C553644-9955-4DC1-A7C3-1383AEED36FC}.Release|Any CPU.Build.0 = Release|Any CPU
		{4C553644-9955-4DC1-A7C3-1383AEED36FC}.Release|ARM.ActiveCfg = Release|Any CPU
		{4C553644-9955-4DC1-A7C3-1383AEED36FC}.Release|ARM.Build.0 = Release|Any CPU
		{4C553644-9955-4DC1-A7C3-1383AEED36FC}.Release|ARM64.ActiveCfg = Release|Any CPU
		{4C553644-9955-4DC1-A7C3-1383AEED36FC}.Release|ARM64.Build.0 = Release|Any CPU
		{4C553644-9955-4DC1-A7C3-1383AEED36FC}.Release|x64.ActiveCfg = Release|Any CPU
		{4C553644-9955-4DC1-A7C3-1383AEED36FC}.Release|x64.Build.0 = Release|Any CPU
		{4C553644-9955-4DC1-A7C3-1383AEED36FC}.Release|x86.ActiveCfg = Release|Any CPU
		{4C553644-9955-4DC1-A7C3-1383AEED36FC}.Release|x86.Build.0 = Release|Any CPU
		{708D405A-EBEF-46A3-B58F-CC6350A60763}.Debug|Any CPU.ActiveCfg = Debug|Any CPU
		{708D405A-EBEF-46A3-B58F-CC6350A60763}.Debug|Any CPU.Build.0 = Debug|Any CPU
		{708D405A-EBEF-46A3-B58F-CC6350A60763}.Debug|ARM.ActiveCfg = Debug|Any CPU
		{708D405A-EBEF-46A3-B58F-CC6350A60763}.Debug|ARM.Build.0 = Debug|Any CPU
		{708D405A-EBEF-46A3-B58F-CC6350A60763}.Debug|ARM64.ActiveCfg = Debug|Any CPU
		{708D405A-EBEF-46A3-B58F-CC6350A60763}.Debug|ARM64.Build.0 = Debug|Any CPU
		{708D405A-EBEF-46A3-B58F-CC6350A60763}.Debug|x64.ActiveCfg = Debug|Any CPU
		{708D405A-EBEF-46A3-B58F-CC6350A60763}.Debug|x64.Build.0 = Debug|Any CPU
		{708D405A-EBEF-46A3-B58F-CC6350A60763}.Debug|x86.ActiveCfg = Debug|Any CPU
		{708D405A-EBEF-46A3-B58F-CC6350A60763}.Debug|x86.Build.0 = Debug|Any CPU
		{708D405A-EBEF-46A3-B58F-CC6350A60763}.Release|Any CPU.ActiveCfg = Release|Any CPU
		{708D405A-EBEF-46A3-B58F-CC6350A60763}.Release|Any CPU.Build.0 = Release|Any CPU
		{708D405A-EBEF-46A3-B58F-CC6350A60763}.Release|ARM.ActiveCfg = Release|Any CPU
		{708D405A-EBEF-46A3-B58F-CC6350A60763}.Release|ARM.Build.0 = Release|Any CPU
		{708D405A-EBEF-46A3-B58F-CC6350A60763}.Release|ARM64.ActiveCfg = Release|Any CPU
		{708D405A-EBEF-46A3-B58F-CC6350A60763}.Release|ARM64.Build.0 = Release|Any CPU
		{708D405A-EBEF-46A3-B58F-CC6350A60763}.Release|x64.ActiveCfg = Release|Any CPU
		{708D405A-EBEF-46A3-B58F-CC6350A60763}.Release|x64.Build.0 = Release|Any CPU
		{708D405A-EBEF-46A3-B58F-CC6350A60763}.Release|x86.ActiveCfg = Release|Any CPU
		{708D405A-EBEF-46A3-B58F-CC6350A60763}.Release|x86.Build.0 = Release|Any CPU
		{E5380C09-A227-44F7-A7D1-FF7A2A0BEF56}.Debug|Any CPU.ActiveCfg = Debug|Any CPU
		{E5380C09-A227-44F7-A7D1-FF7A2A0BEF56}.Debug|Any CPU.Build.0 = Debug|Any CPU
		{E5380C09-A227-44F7-A7D1-FF7A2A0BEF56}.Debug|ARM.ActiveCfg = Debug|Any CPU
		{E5380C09-A227-44F7-A7D1-FF7A2A0BEF56}.Debug|ARM.Build.0 = Debug|Any CPU
		{E5380C09-A227-44F7-A7D1-FF7A2A0BEF56}.Debug|ARM64.ActiveCfg = Debug|Any CPU
		{E5380C09-A227-44F7-A7D1-FF7A2A0BEF56}.Debug|ARM64.Build.0 = Debug|Any CPU
		{E5380C09-A227-44F7-A7D1-FF7A2A0BEF56}.Debug|x64.ActiveCfg = Debug|Any CPU
		{E5380C09-A227-44F7-A7D1-FF7A2A0BEF56}.Debug|x64.Build.0 = Debug|Any CPU
		{E5380C09-A227-44F7-A7D1-FF7A2A0BEF56}.Debug|x86.ActiveCfg = Debug|Any CPU
		{E5380C09-A227-44F7-A7D1-FF7A2A0BEF56}.Debug|x86.Build.0 = Debug|Any CPU
		{E5380C09-A227-44F7-A7D1-FF7A2A0BEF56}.Release|Any CPU.ActiveCfg = Release|Any CPU
		{E5380C09-A227-44F7-A7D1-FF7A2A0BEF56}.Release|Any CPU.Build.0 = Release|Any CPU
		{E5380C09-A227-44F7-A7D1-FF7A2A0BEF56}.Release|ARM.ActiveCfg = Release|Any CPU
		{E5380C09-A227-44F7-A7D1-FF7A2A0BEF56}.Release|ARM.Build.0 = Release|Any CPU
		{E5380C09-A227-44F7-A7D1-FF7A2A0BEF56}.Release|ARM64.ActiveCfg = Release|Any CPU
		{E5380C09-A227-44F7-A7D1-FF7A2A0BEF56}.Release|ARM64.Build.0 = Release|Any CPU
		{E5380C09-A227-44F7-A7D1-FF7A2A0BEF56}.Release|x64.ActiveCfg = Release|Any CPU
		{E5380C09-A227-44F7-A7D1-FF7A2A0BEF56}.Release|x64.Build.0 = Release|Any CPU
		{E5380C09-A227-44F7-A7D1-FF7A2A0BEF56}.Release|x86.ActiveCfg = Release|Any CPU
		{E5380C09-A227-44F7-A7D1-FF7A2A0BEF56}.Release|x86.Build.0 = Release|Any CPU
		{74498DBB-33DC-46E7-9A7F-EE20776A9071}.Debug|Any CPU.ActiveCfg = Debug|Any CPU
		{74498DBB-33DC-46E7-9A7F-EE20776A9071}.Debug|Any CPU.Build.0 = Debug|Any CPU
		{74498DBB-33DC-46E7-9A7F-EE20776A9071}.Debug|ARM.ActiveCfg = Debug|Any CPU
		{74498DBB-33DC-46E7-9A7F-EE20776A9071}.Debug|ARM.Build.0 = Debug|Any CPU
		{74498DBB-33DC-46E7-9A7F-EE20776A9071}.Debug|ARM64.ActiveCfg = Debug|Any CPU
		{74498DBB-33DC-46E7-9A7F-EE20776A9071}.Debug|ARM64.Build.0 = Debug|Any CPU
		{74498DBB-33DC-46E7-9A7F-EE20776A9071}.Debug|x64.ActiveCfg = Debug|Any CPU
		{74498DBB-33DC-46E7-9A7F-EE20776A9071}.Debug|x64.Build.0 = Debug|Any CPU
		{74498DBB-33DC-46E7-9A7F-EE20776A9071}.Debug|x86.ActiveCfg = Debug|Any CPU
		{74498DBB-33DC-46E7-9A7F-EE20776A9071}.Debug|x86.Build.0 = Debug|Any CPU
		{74498DBB-33DC-46E7-9A7F-EE20776A9071}.Release|Any CPU.ActiveCfg = Release|Any CPU
		{74498DBB-33DC-46E7-9A7F-EE20776A9071}.Release|Any CPU.Build.0 = Release|Any CPU
		{74498DBB-33DC-46E7-9A7F-EE20776A9071}.Release|ARM.ActiveCfg = Release|Any CPU
		{74498DBB-33DC-46E7-9A7F-EE20776A9071}.Release|ARM.Build.0 = Release|Any CPU
		{74498DBB-33DC-46E7-9A7F-EE20776A9071}.Release|ARM64.ActiveCfg = Release|Any CPU
		{74498DBB-33DC-46E7-9A7F-EE20776A9071}.Release|ARM64.Build.0 = Release|Any CPU
		{74498DBB-33DC-46E7-9A7F-EE20776A9071}.Release|x64.ActiveCfg = Release|Any CPU
		{74498DBB-33DC-46E7-9A7F-EE20776A9071}.Release|x64.Build.0 = Release|Any CPU
		{74498DBB-33DC-46E7-9A7F-EE20776A9071}.Release|x86.ActiveCfg = Release|Any CPU
		{74498DBB-33DC-46E7-9A7F-EE20776A9071}.Release|x86.Build.0 = Release|Any CPU
		{E2A06871-0E8C-455F-8AC1-0FB648E12749}.Debug|Any CPU.ActiveCfg = Debug|Any CPU
		{E2A06871-0E8C-455F-8AC1-0FB648E12749}.Debug|Any CPU.Build.0 = Debug|Any CPU
		{E2A06871-0E8C-455F-8AC1-0FB648E12749}.Debug|ARM.ActiveCfg = Debug|Any CPU
		{E2A06871-0E8C-455F-8AC1-0FB648E12749}.Debug|ARM.Build.0 = Debug|Any CPU
		{E2A06871-0E8C-455F-8AC1-0FB648E12749}.Debug|ARM64.ActiveCfg = Debug|Any CPU
		{E2A06871-0E8C-455F-8AC1-0FB648E12749}.Debug|ARM64.Build.0 = Debug|Any CPU
		{E2A06871-0E8C-455F-8AC1-0FB648E12749}.Debug|x64.ActiveCfg = Debug|Any CPU
		{E2A06871-0E8C-455F-8AC1-0FB648E12749}.Debug|x64.Build.0 = Debug|Any CPU
		{E2A06871-0E8C-455F-8AC1-0FB648E12749}.Debug|x86.ActiveCfg = Debug|Any CPU
		{E2A06871-0E8C-455F-8AC1-0FB648E12749}.Debug|x86.Build.0 = Debug|Any CPU
		{E2A06871-0E8C-455F-8AC1-0FB648E12749}.Release|Any CPU.ActiveCfg = Release|Any CPU
		{E2A06871-0E8C-455F-8AC1-0FB648E12749}.Release|Any CPU.Build.0 = Release|Any CPU
		{E2A06871-0E8C-455F-8AC1-0FB648E12749}.Release|ARM.ActiveCfg = Release|Any CPU
		{E2A06871-0E8C-455F-8AC1-0FB648E12749}.Release|ARM.Build.0 = Release|Any CPU
		{E2A06871-0E8C-455F-8AC1-0FB648E12749}.Release|ARM64.ActiveCfg = Release|Any CPU
		{E2A06871-0E8C-455F-8AC1-0FB648E12749}.Release|ARM64.Build.0 = Release|Any CPU
		{E2A06871-0E8C-455F-8AC1-0FB648E12749}.Release|x64.ActiveCfg = Release|Any CPU
		{E2A06871-0E8C-455F-8AC1-0FB648E12749}.Release|x64.Build.0 = Release|Any CPU
		{E2A06871-0E8C-455F-8AC1-0FB648E12749}.Release|x86.ActiveCfg = Release|Any CPU
		{E2A06871-0E8C-455F-8AC1-0FB648E12749}.Release|x86.Build.0 = Release|Any CPU
		{233A9E0B-14F8-40BA-94D3-C52B97CBB7E9}.Debug|Any CPU.ActiveCfg = Debug|Any CPU
		{233A9E0B-14F8-40BA-94D3-C52B97CBB7E9}.Debug|Any CPU.Build.0 = Debug|Any CPU
		{233A9E0B-14F8-40BA-94D3-C52B97CBB7E9}.Debug|ARM.ActiveCfg = Debug|Any CPU
		{233A9E0B-14F8-40BA-94D3-C52B97CBB7E9}.Debug|ARM.Build.0 = Debug|Any CPU
		{233A9E0B-14F8-40BA-94D3-C52B97CBB7E9}.Debug|ARM64.ActiveCfg = Debug|Any CPU
		{233A9E0B-14F8-40BA-94D3-C52B97CBB7E9}.Debug|ARM64.Build.0 = Debug|Any CPU
		{233A9E0B-14F8-40BA-94D3-C52B97CBB7E9}.Debug|x64.ActiveCfg = Debug|Any CPU
		{233A9E0B-14F8-40BA-94D3-C52B97CBB7E9}.Debug|x64.Build.0 = Debug|Any CPU
		{233A9E0B-14F8-40BA-94D3-C52B97CBB7E9}.Debug|x86.ActiveCfg = Debug|Any CPU
		{233A9E0B-14F8-40BA-94D3-C52B97CBB7E9}.Debug|x86.Build.0 = Debug|Any CPU
		{233A9E0B-14F8-40BA-94D3-C52B97CBB7E9}.Release|Any CPU.ActiveCfg = Release|Any CPU
		{233A9E0B-14F8-40BA-94D3-C52B97CBB7E9}.Release|Any CPU.Build.0 = Release|Any CPU
		{233A9E0B-14F8-40BA-94D3-C52B97CBB7E9}.Release|ARM.ActiveCfg = Release|Any CPU
		{233A9E0B-14F8-40BA-94D3-C52B97CBB7E9}.Release|ARM.Build.0 = Release|Any CPU
		{233A9E0B-14F8-40BA-94D3-C52B97CBB7E9}.Release|ARM64.ActiveCfg = Release|Any CPU
		{233A9E0B-14F8-40BA-94D3-C52B97CBB7E9}.Release|ARM64.Build.0 = Release|Any CPU
		{233A9E0B-14F8-40BA-94D3-C52B97CBB7E9}.Release|x64.ActiveCfg = Release|Any CPU
		{233A9E0B-14F8-40BA-94D3-C52B97CBB7E9}.Release|x64.Build.0 = Release|Any CPU
		{233A9E0B-14F8-40BA-94D3-C52B97CBB7E9}.Release|x86.ActiveCfg = Release|Any CPU
		{233A9E0B-14F8-40BA-94D3-C52B97CBB7E9}.Release|x86.Build.0 = Release|Any CPU
		{8EB9C7D1-3278-40A5-B156-B338A49EB74E}.Debug|Any CPU.ActiveCfg = Debug|Any CPU
		{8EB9C7D1-3278-40A5-B156-B338A49EB74E}.Debug|Any CPU.Build.0 = Debug|Any CPU
		{8EB9C7D1-3278-40A5-B156-B338A49EB74E}.Debug|ARM.ActiveCfg = Debug|Any CPU
		{8EB9C7D1-3278-40A5-B156-B338A49EB74E}.Debug|ARM.Build.0 = Debug|Any CPU
		{8EB9C7D1-3278-40A5-B156-B338A49EB74E}.Debug|ARM64.ActiveCfg = Debug|Any CPU
		{8EB9C7D1-3278-40A5-B156-B338A49EB74E}.Debug|ARM64.Build.0 = Debug|Any CPU
		{8EB9C7D1-3278-40A5-B156-B338A49EB74E}.Debug|x64.ActiveCfg = Debug|Any CPU
		{8EB9C7D1-3278-40A5-B156-B338A49EB74E}.Debug|x64.Build.0 = Debug|Any CPU
		{8EB9C7D1-3278-40A5-B156-B338A49EB74E}.Debug|x86.ActiveCfg = Debug|Any CPU
		{8EB9C7D1-3278-40A5-B156-B338A49EB74E}.Debug|x86.Build.0 = Debug|Any CPU
		{8EB9C7D1-3278-40A5-B156-B338A49EB74E}.Release|Any CPU.ActiveCfg = Release|Any CPU
		{8EB9C7D1-3278-40A5-B156-B338A49EB74E}.Release|Any CPU.Build.0 = Release|Any CPU
		{8EB9C7D1-3278-40A5-B156-B338A49EB74E}.Release|ARM.ActiveCfg = Release|Any CPU
		{8EB9C7D1-3278-40A5-B156-B338A49EB74E}.Release|ARM.Build.0 = Release|Any CPU
		{8EB9C7D1-3278-40A5-B156-B338A49EB74E}.Release|ARM64.ActiveCfg = Release|Any CPU
		{8EB9C7D1-3278-40A5-B156-B338A49EB74E}.Release|ARM64.Build.0 = Release|Any CPU
		{8EB9C7D1-3278-40A5-B156-B338A49EB74E}.Release|x64.ActiveCfg = Release|Any CPU
		{8EB9C7D1-3278-40A5-B156-B338A49EB74E}.Release|x64.Build.0 = Release|Any CPU
		{8EB9C7D1-3278-40A5-B156-B338A49EB74E}.Release|x86.ActiveCfg = Release|Any CPU
		{8EB9C7D1-3278-40A5-B156-B338A49EB74E}.Release|x86.Build.0 = Release|Any CPU
		{352F9780-3E03-4D9E-812D-5B723C996795}.Debug|Any CPU.ActiveCfg = Debug|Any CPU
		{352F9780-3E03-4D9E-812D-5B723C996795}.Debug|Any CPU.Build.0 = Debug|Any CPU
		{352F9780-3E03-4D9E-812D-5B723C996795}.Debug|ARM.ActiveCfg = Debug|Any CPU
		{352F9780-3E03-4D9E-812D-5B723C996795}.Debug|ARM.Build.0 = Debug|Any CPU
		{352F9780-3E03-4D9E-812D-5B723C996795}.Debug|ARM64.ActiveCfg = Debug|Any CPU
		{352F9780-3E03-4D9E-812D-5B723C996795}.Debug|ARM64.Build.0 = Debug|Any CPU
		{352F9780-3E03-4D9E-812D-5B723C996795}.Debug|x64.ActiveCfg = Debug|Any CPU
		{352F9780-3E03-4D9E-812D-5B723C996795}.Debug|x64.Build.0 = Debug|Any CPU
		{352F9780-3E03-4D9E-812D-5B723C996795}.Debug|x86.ActiveCfg = Debug|Any CPU
		{352F9780-3E03-4D9E-812D-5B723C996795}.Debug|x86.Build.0 = Debug|Any CPU
		{352F9780-3E03-4D9E-812D-5B723C996795}.Release|Any CPU.ActiveCfg = Release|Any CPU
		{352F9780-3E03-4D9E-812D-5B723C996795}.Release|Any CPU.Build.0 = Release|Any CPU
		{352F9780-3E03-4D9E-812D-5B723C996795}.Release|ARM.ActiveCfg = Release|Any CPU
		{352F9780-3E03-4D9E-812D-5B723C996795}.Release|ARM.Build.0 = Release|Any CPU
		{352F9780-3E03-4D9E-812D-5B723C996795}.Release|ARM64.ActiveCfg = Release|Any CPU
		{352F9780-3E03-4D9E-812D-5B723C996795}.Release|ARM64.Build.0 = Release|Any CPU
		{352F9780-3E03-4D9E-812D-5B723C996795}.Release|x64.ActiveCfg = Release|Any CPU
		{352F9780-3E03-4D9E-812D-5B723C996795}.Release|x64.Build.0 = Release|Any CPU
		{352F9780-3E03-4D9E-812D-5B723C996795}.Release|x86.ActiveCfg = Release|Any CPU
		{352F9780-3E03-4D9E-812D-5B723C996795}.Release|x86.Build.0 = Release|Any CPU
		{63590344-675F-4C6C-87CC-F96DF8A70E86}.Debug|Any CPU.ActiveCfg = Debug|Any CPU
		{63590344-675F-4C6C-87CC-F96DF8A70E86}.Debug|Any CPU.Build.0 = Debug|Any CPU
		{63590344-675F-4C6C-87CC-F96DF8A70E86}.Debug|ARM.ActiveCfg = Debug|Any CPU
		{63590344-675F-4C6C-87CC-F96DF8A70E86}.Debug|ARM.Build.0 = Debug|Any CPU
		{63590344-675F-4C6C-87CC-F96DF8A70E86}.Debug|ARM64.ActiveCfg = Debug|Any CPU
		{63590344-675F-4C6C-87CC-F96DF8A70E86}.Debug|ARM64.Build.0 = Debug|Any CPU
		{63590344-675F-4C6C-87CC-F96DF8A70E86}.Debug|x64.ActiveCfg = Debug|Any CPU
		{63590344-675F-4C6C-87CC-F96DF8A70E86}.Debug|x64.Build.0 = Debug|Any CPU
		{63590344-675F-4C6C-87CC-F96DF8A70E86}.Debug|x86.ActiveCfg = Debug|Any CPU
		{63590344-675F-4C6C-87CC-F96DF8A70E86}.Debug|x86.Build.0 = Debug|Any CPU
		{63590344-675F-4C6C-87CC-F96DF8A70E86}.Release|Any CPU.ActiveCfg = Release|Any CPU
		{63590344-675F-4C6C-87CC-F96DF8A70E86}.Release|Any CPU.Build.0 = Release|Any CPU
		{63590344-675F-4C6C-87CC-F96DF8A70E86}.Release|ARM.ActiveCfg = Release|Any CPU
		{63590344-675F-4C6C-87CC-F96DF8A70E86}.Release|ARM.Build.0 = Release|Any CPU
		{63590344-675F-4C6C-87CC-F96DF8A70E86}.Release|ARM64.ActiveCfg = Release|Any CPU
		{63590344-675F-4C6C-87CC-F96DF8A70E86}.Release|ARM64.Build.0 = Release|Any CPU
		{63590344-675F-4C6C-87CC-F96DF8A70E86}.Release|x64.ActiveCfg = Release|Any CPU
		{63590344-675F-4C6C-87CC-F96DF8A70E86}.Release|x64.Build.0 = Release|Any CPU
		{63590344-675F-4C6C-87CC-F96DF8A70E86}.Release|x86.ActiveCfg = Release|Any CPU
		{63590344-675F-4C6C-87CC-F96DF8A70E86}.Release|x86.Build.0 = Release|Any CPU
		{2055669C-1EA5-4B03-BAC3-3CD4052FCD4A}.Debug|Any CPU.ActiveCfg = Debug|Any CPU
		{2055669C-1EA5-4B03-BAC3-3CD4052FCD4A}.Debug|Any CPU.Build.0 = Debug|Any CPU
		{2055669C-1EA5-4B03-BAC3-3CD4052FCD4A}.Debug|ARM.ActiveCfg = Debug|Any CPU
		{2055669C-1EA5-4B03-BAC3-3CD4052FCD4A}.Debug|ARM.Build.0 = Debug|Any CPU
		{2055669C-1EA5-4B03-BAC3-3CD4052FCD4A}.Debug|ARM64.ActiveCfg = Debug|Any CPU
		{2055669C-1EA5-4B03-BAC3-3CD4052FCD4A}.Debug|ARM64.Build.0 = Debug|Any CPU
		{2055669C-1EA5-4B03-BAC3-3CD4052FCD4A}.Debug|x64.ActiveCfg = Debug|Any CPU
		{2055669C-1EA5-4B03-BAC3-3CD4052FCD4A}.Debug|x64.Build.0 = Debug|Any CPU
		{2055669C-1EA5-4B03-BAC3-3CD4052FCD4A}.Debug|x86.ActiveCfg = Debug|Any CPU
		{2055669C-1EA5-4B03-BAC3-3CD4052FCD4A}.Debug|x86.Build.0 = Debug|Any CPU
		{2055669C-1EA5-4B03-BAC3-3CD4052FCD4A}.Release|Any CPU.ActiveCfg = Release|Any CPU
		{2055669C-1EA5-4B03-BAC3-3CD4052FCD4A}.Release|Any CPU.Build.0 = Release|Any CPU
		{2055669C-1EA5-4B03-BAC3-3CD4052FCD4A}.Release|ARM.ActiveCfg = Release|Any CPU
		{2055669C-1EA5-4B03-BAC3-3CD4052FCD4A}.Release|ARM.Build.0 = Release|Any CPU
		{2055669C-1EA5-4B03-BAC3-3CD4052FCD4A}.Release|ARM64.ActiveCfg = Release|Any CPU
		{2055669C-1EA5-4B03-BAC3-3CD4052FCD4A}.Release|ARM64.Build.0 = Release|Any CPU
		{2055669C-1EA5-4B03-BAC3-3CD4052FCD4A}.Release|x64.ActiveCfg = Release|Any CPU
		{2055669C-1EA5-4B03-BAC3-3CD4052FCD4A}.Release|x64.Build.0 = Release|Any CPU
		{2055669C-1EA5-4B03-BAC3-3CD4052FCD4A}.Release|x86.ActiveCfg = Release|Any CPU
		{2055669C-1EA5-4B03-BAC3-3CD4052FCD4A}.Release|x86.Build.0 = Release|Any CPU
		{F1C88C93-623E-4C08-944C-889235BDB3F4}.Debug|Any CPU.ActiveCfg = Debug|Any CPU
		{F1C88C93-623E-4C08-944C-889235BDB3F4}.Debug|Any CPU.Build.0 = Debug|Any CPU
		{F1C88C93-623E-4C08-944C-889235BDB3F4}.Debug|ARM.ActiveCfg = Debug|Any CPU
		{F1C88C93-623E-4C08-944C-889235BDB3F4}.Debug|ARM.Build.0 = Debug|Any CPU
		{F1C88C93-623E-4C08-944C-889235BDB3F4}.Debug|ARM64.ActiveCfg = Debug|Any CPU
		{F1C88C93-623E-4C08-944C-889235BDB3F4}.Debug|ARM64.Build.0 = Debug|Any CPU
		{F1C88C93-623E-4C08-944C-889235BDB3F4}.Debug|x64.ActiveCfg = Debug|Any CPU
		{F1C88C93-623E-4C08-944C-889235BDB3F4}.Debug|x64.Build.0 = Debug|Any CPU
		{F1C88C93-623E-4C08-944C-889235BDB3F4}.Debug|x86.ActiveCfg = Debug|Any CPU
		{F1C88C93-623E-4C08-944C-889235BDB3F4}.Debug|x86.Build.0 = Debug|Any CPU
		{F1C88C93-623E-4C08-944C-889235BDB3F4}.Release|Any CPU.ActiveCfg = Release|Any CPU
		{F1C88C93-623E-4C08-944C-889235BDB3F4}.Release|Any CPU.Build.0 = Release|Any CPU
		{F1C88C93-623E-4C08-944C-889235BDB3F4}.Release|ARM.ActiveCfg = Release|Any CPU
		{F1C88C93-623E-4C08-944C-889235BDB3F4}.Release|ARM.Build.0 = Release|Any CPU
		{F1C88C93-623E-4C08-944C-889235BDB3F4}.Release|ARM64.ActiveCfg = Release|Any CPU
		{F1C88C93-623E-4C08-944C-889235BDB3F4}.Release|ARM64.Build.0 = Release|Any CPU
		{F1C88C93-623E-4C08-944C-889235BDB3F4}.Release|x64.ActiveCfg = Release|Any CPU
		{F1C88C93-623E-4C08-944C-889235BDB3F4}.Release|x64.Build.0 = Release|Any CPU
		{F1C88C93-623E-4C08-944C-889235BDB3F4}.Release|x86.ActiveCfg = Release|Any CPU
		{F1C88C93-623E-4C08-944C-889235BDB3F4}.Release|x86.Build.0 = Release|Any CPU
		{B75A7C32-50F9-4A0D-87C8-4D5795857D71}.Debug|Any CPU.ActiveCfg = Debug|Any CPU
		{B75A7C32-50F9-4A0D-87C8-4D5795857D71}.Debug|Any CPU.Build.0 = Debug|Any CPU
		{B75A7C32-50F9-4A0D-87C8-4D5795857D71}.Debug|ARM.ActiveCfg = Debug|Any CPU
		{B75A7C32-50F9-4A0D-87C8-4D5795857D71}.Debug|ARM.Build.0 = Debug|Any CPU
		{B75A7C32-50F9-4A0D-87C8-4D5795857D71}.Debug|ARM64.ActiveCfg = Debug|Any CPU
		{B75A7C32-50F9-4A0D-87C8-4D5795857D71}.Debug|ARM64.Build.0 = Debug|Any CPU
		{B75A7C32-50F9-4A0D-87C8-4D5795857D71}.Debug|x64.ActiveCfg = Debug|Any CPU
		{B75A7C32-50F9-4A0D-87C8-4D5795857D71}.Debug|x64.Build.0 = Debug|Any CPU
		{B75A7C32-50F9-4A0D-87C8-4D5795857D71}.Debug|x86.ActiveCfg = Debug|Any CPU
		{B75A7C32-50F9-4A0D-87C8-4D5795857D71}.Debug|x86.Build.0 = Debug|Any CPU
		{B75A7C32-50F9-4A0D-87C8-4D5795857D71}.Release|Any CPU.ActiveCfg = Release|Any CPU
		{B75A7C32-50F9-4A0D-87C8-4D5795857D71}.Release|Any CPU.Build.0 = Release|Any CPU
		{B75A7C32-50F9-4A0D-87C8-4D5795857D71}.Release|ARM.ActiveCfg = Release|Any CPU
		{B75A7C32-50F9-4A0D-87C8-4D5795857D71}.Release|ARM.Build.0 = Release|Any CPU
		{B75A7C32-50F9-4A0D-87C8-4D5795857D71}.Release|ARM64.ActiveCfg = Release|Any CPU
		{B75A7C32-50F9-4A0D-87C8-4D5795857D71}.Release|ARM64.Build.0 = Release|Any CPU
		{B75A7C32-50F9-4A0D-87C8-4D5795857D71}.Release|x64.ActiveCfg = Release|Any CPU
		{B75A7C32-50F9-4A0D-87C8-4D5795857D71}.Release|x64.Build.0 = Release|Any CPU
		{B75A7C32-50F9-4A0D-87C8-4D5795857D71}.Release|x86.ActiveCfg = Release|Any CPU
		{B75A7C32-50F9-4A0D-87C8-4D5795857D71}.Release|x86.Build.0 = Release|Any CPU
		{45EBDAA0-4F8D-4628-A2BE-5733919D61A4}.Debug|Any CPU.ActiveCfg = Debug|Any CPU
		{45EBDAA0-4F8D-4628-A2BE-5733919D61A4}.Debug|Any CPU.Build.0 = Debug|Any CPU
		{45EBDAA0-4F8D-4628-A2BE-5733919D61A4}.Debug|ARM.ActiveCfg = Debug|Any CPU
		{45EBDAA0-4F8D-4628-A2BE-5733919D61A4}.Debug|ARM.Build.0 = Debug|Any CPU
		{45EBDAA0-4F8D-4628-A2BE-5733919D61A4}.Debug|ARM64.ActiveCfg = Debug|Any CPU
		{45EBDAA0-4F8D-4628-A2BE-5733919D61A4}.Debug|ARM64.Build.0 = Debug|Any CPU
		{45EBDAA0-4F8D-4628-A2BE-5733919D61A4}.Debug|x64.ActiveCfg = Debug|Any CPU
		{45EBDAA0-4F8D-4628-A2BE-5733919D61A4}.Debug|x64.Build.0 = Debug|Any CPU
		{45EBDAA0-4F8D-4628-A2BE-5733919D61A4}.Debug|x86.ActiveCfg = Debug|Any CPU
		{45EBDAA0-4F8D-4628-A2BE-5733919D61A4}.Debug|x86.Build.0 = Debug|Any CPU
		{45EBDAA0-4F8D-4628-A2BE-5733919D61A4}.Release|Any CPU.ActiveCfg = Release|Any CPU
		{45EBDAA0-4F8D-4628-A2BE-5733919D61A4}.Release|Any CPU.Build.0 = Release|Any CPU
		{45EBDAA0-4F8D-4628-A2BE-5733919D61A4}.Release|ARM.ActiveCfg = Release|Any CPU
		{45EBDAA0-4F8D-4628-A2BE-5733919D61A4}.Release|ARM.Build.0 = Release|Any CPU
		{45EBDAA0-4F8D-4628-A2BE-5733919D61A4}.Release|ARM64.ActiveCfg = Release|Any CPU
		{45EBDAA0-4F8D-4628-A2BE-5733919D61A4}.Release|ARM64.Build.0 = Release|Any CPU
		{45EBDAA0-4F8D-4628-A2BE-5733919D61A4}.Release|x64.ActiveCfg = Release|Any CPU
		{45EBDAA0-4F8D-4628-A2BE-5733919D61A4}.Release|x64.Build.0 = Release|Any CPU
		{45EBDAA0-4F8D-4628-A2BE-5733919D61A4}.Release|x86.ActiveCfg = Release|Any CPU
		{45EBDAA0-4F8D-4628-A2BE-5733919D61A4}.Release|x86.Build.0 = Release|Any CPU
		{DDA5CD54-775E-41BF-B03F-6C23F0BA9C8F}.Debug|Any CPU.ActiveCfg = Debug|Any CPU
		{DDA5CD54-775E-41BF-B03F-6C23F0BA9C8F}.Debug|Any CPU.Build.0 = Debug|Any CPU
		{DDA5CD54-775E-41BF-B03F-6C23F0BA9C8F}.Debug|ARM.ActiveCfg = Debug|Any CPU
		{DDA5CD54-775E-41BF-B03F-6C23F0BA9C8F}.Debug|ARM.Build.0 = Debug|Any CPU
		{DDA5CD54-775E-41BF-B03F-6C23F0BA9C8F}.Debug|ARM64.ActiveCfg = Debug|Any CPU
		{DDA5CD54-775E-41BF-B03F-6C23F0BA9C8F}.Debug|ARM64.Build.0 = Debug|Any CPU
		{DDA5CD54-775E-41BF-B03F-6C23F0BA9C8F}.Debug|x64.ActiveCfg = Debug|Any CPU
		{DDA5CD54-775E-41BF-B03F-6C23F0BA9C8F}.Debug|x64.Build.0 = Debug|Any CPU
		{DDA5CD54-775E-41BF-B03F-6C23F0BA9C8F}.Debug|x86.ActiveCfg = Debug|Any CPU
		{DDA5CD54-775E-41BF-B03F-6C23F0BA9C8F}.Debug|x86.Build.0 = Debug|Any CPU
		{DDA5CD54-775E-41BF-B03F-6C23F0BA9C8F}.Release|Any CPU.ActiveCfg = Release|Any CPU
		{DDA5CD54-775E-41BF-B03F-6C23F0BA9C8F}.Release|Any CPU.Build.0 = Release|Any CPU
		{DDA5CD54-775E-41BF-B03F-6C23F0BA9C8F}.Release|ARM.ActiveCfg = Release|Any CPU
		{DDA5CD54-775E-41BF-B03F-6C23F0BA9C8F}.Release|ARM.Build.0 = Release|Any CPU
		{DDA5CD54-775E-41BF-B03F-6C23F0BA9C8F}.Release|ARM64.ActiveCfg = Release|Any CPU
		{DDA5CD54-775E-41BF-B03F-6C23F0BA9C8F}.Release|ARM64.Build.0 = Release|Any CPU
		{DDA5CD54-775E-41BF-B03F-6C23F0BA9C8F}.Release|x64.ActiveCfg = Release|Any CPU
		{DDA5CD54-775E-41BF-B03F-6C23F0BA9C8F}.Release|x64.Build.0 = Release|Any CPU
		{DDA5CD54-775E-41BF-B03F-6C23F0BA9C8F}.Release|x86.ActiveCfg = Release|Any CPU
		{DDA5CD54-775E-41BF-B03F-6C23F0BA9C8F}.Release|x86.Build.0 = Release|Any CPU
		{8AA55EFA-045C-494B-97B0-1B9BE831A220}.Debug|Any CPU.ActiveCfg = Debug|Any CPU
		{8AA55EFA-045C-494B-97B0-1B9BE831A220}.Debug|Any CPU.Build.0 = Debug|Any CPU
		{8AA55EFA-045C-494B-97B0-1B9BE831A220}.Debug|ARM.ActiveCfg = Debug|Any CPU
		{8AA55EFA-045C-494B-97B0-1B9BE831A220}.Debug|ARM.Build.0 = Debug|Any CPU
		{8AA55EFA-045C-494B-97B0-1B9BE831A220}.Debug|ARM64.ActiveCfg = Debug|Any CPU
		{8AA55EFA-045C-494B-97B0-1B9BE831A220}.Debug|ARM64.Build.0 = Debug|Any CPU
		{8AA55EFA-045C-494B-97B0-1B9BE831A220}.Debug|x64.ActiveCfg = Debug|Any CPU
		{8AA55EFA-045C-494B-97B0-1B9BE831A220}.Debug|x64.Build.0 = Debug|Any CPU
		{8AA55EFA-045C-494B-97B0-1B9BE831A220}.Debug|x86.ActiveCfg = Debug|Any CPU
		{8AA55EFA-045C-494B-97B0-1B9BE831A220}.Debug|x86.Build.0 = Debug|Any CPU
		{8AA55EFA-045C-494B-97B0-1B9BE831A220}.Release|Any CPU.ActiveCfg = Release|Any CPU
		{8AA55EFA-045C-494B-97B0-1B9BE831A220}.Release|Any CPU.Build.0 = Release|Any CPU
		{8AA55EFA-045C-494B-97B0-1B9BE831A220}.Release|ARM.ActiveCfg = Release|Any CPU
		{8AA55EFA-045C-494B-97B0-1B9BE831A220}.Release|ARM.Build.0 = Release|Any CPU
		{8AA55EFA-045C-494B-97B0-1B9BE831A220}.Release|ARM64.ActiveCfg = Release|Any CPU
		{8AA55EFA-045C-494B-97B0-1B9BE831A220}.Release|ARM64.Build.0 = Release|Any CPU
		{8AA55EFA-045C-494B-97B0-1B9BE831A220}.Release|x64.ActiveCfg = Release|Any CPU
		{8AA55EFA-045C-494B-97B0-1B9BE831A220}.Release|x64.Build.0 = Release|Any CPU
		{8AA55EFA-045C-494B-97B0-1B9BE831A220}.Release|x86.ActiveCfg = Release|Any CPU
		{8AA55EFA-045C-494B-97B0-1B9BE831A220}.Release|x86.Build.0 = Release|Any CPU
		{A55F3D56-7E3A-4DE9-80E2-54319C65C4D0}.Debug|Any CPU.ActiveCfg = Debug|Any CPU
		{A55F3D56-7E3A-4DE9-80E2-54319C65C4D0}.Debug|Any CPU.Build.0 = Debug|Any CPU
		{A55F3D56-7E3A-4DE9-80E2-54319C65C4D0}.Debug|ARM.ActiveCfg = Debug|Any CPU
		{A55F3D56-7E3A-4DE9-80E2-54319C65C4D0}.Debug|ARM.Build.0 = Debug|Any CPU
		{A55F3D56-7E3A-4DE9-80E2-54319C65C4D0}.Debug|ARM64.ActiveCfg = Debug|Any CPU
		{A55F3D56-7E3A-4DE9-80E2-54319C65C4D0}.Debug|ARM64.Build.0 = Debug|Any CPU
		{A55F3D56-7E3A-4DE9-80E2-54319C65C4D0}.Debug|x64.ActiveCfg = Debug|Any CPU
		{A55F3D56-7E3A-4DE9-80E2-54319C65C4D0}.Debug|x64.Build.0 = Debug|Any CPU
		{A55F3D56-7E3A-4DE9-80E2-54319C65C4D0}.Debug|x86.ActiveCfg = Debug|Any CPU
		{A55F3D56-7E3A-4DE9-80E2-54319C65C4D0}.Debug|x86.Build.0 = Debug|Any CPU
		{A55F3D56-7E3A-4DE9-80E2-54319C65C4D0}.Release|Any CPU.ActiveCfg = Release|Any CPU
		{A55F3D56-7E3A-4DE9-80E2-54319C65C4D0}.Release|Any CPU.Build.0 = Release|Any CPU
		{A55F3D56-7E3A-4DE9-80E2-54319C65C4D0}.Release|ARM.ActiveCfg = Release|Any CPU
		{A55F3D56-7E3A-4DE9-80E2-54319C65C4D0}.Release|ARM.Build.0 = Release|Any CPU
		{A55F3D56-7E3A-4DE9-80E2-54319C65C4D0}.Release|ARM64.ActiveCfg = Release|Any CPU
		{A55F3D56-7E3A-4DE9-80E2-54319C65C4D0}.Release|ARM64.Build.0 = Release|Any CPU
		{A55F3D56-7E3A-4DE9-80E2-54319C65C4D0}.Release|x64.ActiveCfg = Release|Any CPU
		{A55F3D56-7E3A-4DE9-80E2-54319C65C4D0}.Release|x64.Build.0 = Release|Any CPU
		{A55F3D56-7E3A-4DE9-80E2-54319C65C4D0}.Release|x86.ActiveCfg = Release|Any CPU
		{A55F3D56-7E3A-4DE9-80E2-54319C65C4D0}.Release|x86.Build.0 = Release|Any CPU
		{D9815540-9AC8-4FA9-96D8-F84B337674D2}.Debug|Any CPU.ActiveCfg = Debug|Any CPU
		{D9815540-9AC8-4FA9-96D8-F84B337674D2}.Debug|Any CPU.Build.0 = Debug|Any CPU
		{D9815540-9AC8-4FA9-96D8-F84B337674D2}.Debug|ARM.ActiveCfg = Debug|Any CPU
		{D9815540-9AC8-4FA9-96D8-F84B337674D2}.Debug|ARM.Build.0 = Debug|Any CPU
		{D9815540-9AC8-4FA9-96D8-F84B337674D2}.Debug|ARM64.ActiveCfg = Debug|Any CPU
		{D9815540-9AC8-4FA9-96D8-F84B337674D2}.Debug|ARM64.Build.0 = Debug|Any CPU
		{D9815540-9AC8-4FA9-96D8-F84B337674D2}.Debug|x64.ActiveCfg = Debug|Any CPU
		{D9815540-9AC8-4FA9-96D8-F84B337674D2}.Debug|x64.Build.0 = Debug|Any CPU
		{D9815540-9AC8-4FA9-96D8-F84B337674D2}.Debug|x86.ActiveCfg = Debug|Any CPU
		{D9815540-9AC8-4FA9-96D8-F84B337674D2}.Debug|x86.Build.0 = Debug|Any CPU
		{D9815540-9AC8-4FA9-96D8-F84B337674D2}.Release|Any CPU.ActiveCfg = Release|Any CPU
		{D9815540-9AC8-4FA9-96D8-F84B337674D2}.Release|Any CPU.Build.0 = Release|Any CPU
		{D9815540-9AC8-4FA9-96D8-F84B337674D2}.Release|ARM.ActiveCfg = Release|Any CPU
		{D9815540-9AC8-4FA9-96D8-F84B337674D2}.Release|ARM.Build.0 = Release|Any CPU
		{D9815540-9AC8-4FA9-96D8-F84B337674D2}.Release|ARM64.ActiveCfg = Release|Any CPU
		{D9815540-9AC8-4FA9-96D8-F84B337674D2}.Release|ARM64.Build.0 = Release|Any CPU
		{D9815540-9AC8-4FA9-96D8-F84B337674D2}.Release|x64.ActiveCfg = Release|Any CPU
		{D9815540-9AC8-4FA9-96D8-F84B337674D2}.Release|x64.Build.0 = Release|Any CPU
		{D9815540-9AC8-4FA9-96D8-F84B337674D2}.Release|x86.ActiveCfg = Release|Any CPU
		{D9815540-9AC8-4FA9-96D8-F84B337674D2}.Release|x86.Build.0 = Release|Any CPU
		{18EEA948-7D8D-485F-893E-F5E1F45686D9}.Debug|Any CPU.ActiveCfg = Debug|Any CPU
		{18EEA948-7D8D-485F-893E-F5E1F45686D9}.Debug|Any CPU.Build.0 = Debug|Any CPU
		{18EEA948-7D8D-485F-893E-F5E1F45686D9}.Debug|ARM.ActiveCfg = Debug|Any CPU
		{18EEA948-7D8D-485F-893E-F5E1F45686D9}.Debug|ARM.Build.0 = Debug|Any CPU
		{18EEA948-7D8D-485F-893E-F5E1F45686D9}.Debug|ARM64.ActiveCfg = Debug|Any CPU
		{18EEA948-7D8D-485F-893E-F5E1F45686D9}.Debug|ARM64.Build.0 = Debug|Any CPU
		{18EEA948-7D8D-485F-893E-F5E1F45686D9}.Debug|x64.ActiveCfg = Debug|Any CPU
		{18EEA948-7D8D-485F-893E-F5E1F45686D9}.Debug|x64.Build.0 = Debug|Any CPU
		{18EEA948-7D8D-485F-893E-F5E1F45686D9}.Debug|x86.ActiveCfg = Debug|Any CPU
		{18EEA948-7D8D-485F-893E-F5E1F45686D9}.Debug|x86.Build.0 = Debug|Any CPU
		{18EEA948-7D8D-485F-893E-F5E1F45686D9}.Release|Any CPU.ActiveCfg = Release|Any CPU
		{18EEA948-7D8D-485F-893E-F5E1F45686D9}.Release|Any CPU.Build.0 = Release|Any CPU
		{18EEA948-7D8D-485F-893E-F5E1F45686D9}.Release|ARM.ActiveCfg = Release|Any CPU
		{18EEA948-7D8D-485F-893E-F5E1F45686D9}.Release|ARM.Build.0 = Release|Any CPU
		{18EEA948-7D8D-485F-893E-F5E1F45686D9}.Release|ARM64.ActiveCfg = Release|Any CPU
		{18EEA948-7D8D-485F-893E-F5E1F45686D9}.Release|ARM64.Build.0 = Release|Any CPU
		{18EEA948-7D8D-485F-893E-F5E1F45686D9}.Release|x64.ActiveCfg = Release|Any CPU
		{18EEA948-7D8D-485F-893E-F5E1F45686D9}.Release|x64.Build.0 = Release|Any CPU
		{18EEA948-7D8D-485F-893E-F5E1F45686D9}.Release|x86.ActiveCfg = Release|Any CPU
		{18EEA948-7D8D-485F-893E-F5E1F45686D9}.Release|x86.Build.0 = Release|Any CPU
		{27A6EDC5-8EBD-46F4-9211-583255382FEC}.Debug|Any CPU.ActiveCfg = Debug|Any CPU
		{27A6EDC5-8EBD-46F4-9211-583255382FEC}.Debug|Any CPU.Build.0 = Debug|Any CPU
		{27A6EDC5-8EBD-46F4-9211-583255382FEC}.Debug|ARM.ActiveCfg = Debug|Any CPU
		{27A6EDC5-8EBD-46F4-9211-583255382FEC}.Debug|ARM.Build.0 = Debug|Any CPU
		{27A6EDC5-8EBD-46F4-9211-583255382FEC}.Debug|ARM64.ActiveCfg = Debug|Any CPU
		{27A6EDC5-8EBD-46F4-9211-583255382FEC}.Debug|ARM64.Build.0 = Debug|Any CPU
		{27A6EDC5-8EBD-46F4-9211-583255382FEC}.Debug|x64.ActiveCfg = Debug|Any CPU
		{27A6EDC5-8EBD-46F4-9211-583255382FEC}.Debug|x64.Build.0 = Debug|Any CPU
		{27A6EDC5-8EBD-46F4-9211-583255382FEC}.Debug|x86.ActiveCfg = Debug|Any CPU
		{27A6EDC5-8EBD-46F4-9211-583255382FEC}.Debug|x86.Build.0 = Debug|Any CPU
		{27A6EDC5-8EBD-46F4-9211-583255382FEC}.Release|Any CPU.ActiveCfg = Release|Any CPU
		{27A6EDC5-8EBD-46F4-9211-583255382FEC}.Release|Any CPU.Build.0 = Release|Any CPU
		{27A6EDC5-8EBD-46F4-9211-583255382FEC}.Release|ARM.ActiveCfg = Release|Any CPU
		{27A6EDC5-8EBD-46F4-9211-583255382FEC}.Release|ARM.Build.0 = Release|Any CPU
		{27A6EDC5-8EBD-46F4-9211-583255382FEC}.Release|ARM64.ActiveCfg = Release|Any CPU
		{27A6EDC5-8EBD-46F4-9211-583255382FEC}.Release|ARM64.Build.0 = Release|Any CPU
		{27A6EDC5-8EBD-46F4-9211-583255382FEC}.Release|x64.ActiveCfg = Release|Any CPU
		{27A6EDC5-8EBD-46F4-9211-583255382FEC}.Release|x64.Build.0 = Release|Any CPU
		{27A6EDC5-8EBD-46F4-9211-583255382FEC}.Release|x86.ActiveCfg = Release|Any CPU
		{27A6EDC5-8EBD-46F4-9211-583255382FEC}.Release|x86.Build.0 = Release|Any CPU
		{0A3B0D77-13C4-42C8-948B-F870B7870848}.Debug|Any CPU.ActiveCfg = Debug|Any CPU
		{0A3B0D77-13C4-42C8-948B-F870B7870848}.Debug|Any CPU.Build.0 = Debug|Any CPU
		{0A3B0D77-13C4-42C8-948B-F870B7870848}.Debug|ARM.ActiveCfg = Debug|Any CPU
		{0A3B0D77-13C4-42C8-948B-F870B7870848}.Debug|ARM.Build.0 = Debug|Any CPU
		{0A3B0D77-13C4-42C8-948B-F870B7870848}.Debug|ARM64.ActiveCfg = Debug|Any CPU
		{0A3B0D77-13C4-42C8-948B-F870B7870848}.Debug|ARM64.Build.0 = Debug|Any CPU
		{0A3B0D77-13C4-42C8-948B-F870B7870848}.Debug|x64.ActiveCfg = Debug|Any CPU
		{0A3B0D77-13C4-42C8-948B-F870B7870848}.Debug|x64.Build.0 = Debug|Any CPU
		{0A3B0D77-13C4-42C8-948B-F870B7870848}.Debug|x86.ActiveCfg = Debug|Any CPU
		{0A3B0D77-13C4-42C8-948B-F870B7870848}.Debug|x86.Build.0 = Debug|Any CPU
		{0A3B0D77-13C4-42C8-948B-F870B7870848}.Release|Any CPU.ActiveCfg = Release|Any CPU
		{0A3B0D77-13C4-42C8-948B-F870B7870848}.Release|Any CPU.Build.0 = Release|Any CPU
		{0A3B0D77-13C4-42C8-948B-F870B7870848}.Release|ARM.ActiveCfg = Release|Any CPU
		{0A3B0D77-13C4-42C8-948B-F870B7870848}.Release|ARM.Build.0 = Release|Any CPU
		{0A3B0D77-13C4-42C8-948B-F870B7870848}.Release|ARM64.ActiveCfg = Release|Any CPU
		{0A3B0D77-13C4-42C8-948B-F870B7870848}.Release|ARM64.Build.0 = Release|Any CPU
		{0A3B0D77-13C4-42C8-948B-F870B7870848}.Release|x64.ActiveCfg = Release|Any CPU
		{0A3B0D77-13C4-42C8-948B-F870B7870848}.Release|x64.Build.0 = Release|Any CPU
		{0A3B0D77-13C4-42C8-948B-F870B7870848}.Release|x86.ActiveCfg = Release|Any CPU
		{0A3B0D77-13C4-42C8-948B-F870B7870848}.Release|x86.Build.0 = Release|Any CPU
		{30B97471-0223-432E-B3E7-AB81240626A0}.Debug|Any CPU.ActiveCfg = Debug|Any CPU
		{30B97471-0223-432E-B3E7-AB81240626A0}.Debug|Any CPU.Build.0 = Debug|Any CPU
		{30B97471-0223-432E-B3E7-AB81240626A0}.Debug|ARM.ActiveCfg = Debug|Any CPU
		{30B97471-0223-432E-B3E7-AB81240626A0}.Debug|ARM.Build.0 = Debug|Any CPU
		{30B97471-0223-432E-B3E7-AB81240626A0}.Debug|ARM64.ActiveCfg = Debug|Any CPU
		{30B97471-0223-432E-B3E7-AB81240626A0}.Debug|ARM64.Build.0 = Debug|Any CPU
		{30B97471-0223-432E-B3E7-AB81240626A0}.Debug|x64.ActiveCfg = Debug|Any CPU
		{30B97471-0223-432E-B3E7-AB81240626A0}.Debug|x64.Build.0 = Debug|Any CPU
		{30B97471-0223-432E-B3E7-AB81240626A0}.Debug|x86.ActiveCfg = Debug|Any CPU
		{30B97471-0223-432E-B3E7-AB81240626A0}.Debug|x86.Build.0 = Debug|Any CPU
		{30B97471-0223-432E-B3E7-AB81240626A0}.Release|Any CPU.ActiveCfg = Release|Any CPU
		{30B97471-0223-432E-B3E7-AB81240626A0}.Release|Any CPU.Build.0 = Release|Any CPU
		{30B97471-0223-432E-B3E7-AB81240626A0}.Release|ARM.ActiveCfg = Release|Any CPU
		{30B97471-0223-432E-B3E7-AB81240626A0}.Release|ARM.Build.0 = Release|Any CPU
		{30B97471-0223-432E-B3E7-AB81240626A0}.Release|ARM64.ActiveCfg = Release|Any CPU
		{30B97471-0223-432E-B3E7-AB81240626A0}.Release|ARM64.Build.0 = Release|Any CPU
		{30B97471-0223-432E-B3E7-AB81240626A0}.Release|x64.ActiveCfg = Release|Any CPU
		{30B97471-0223-432E-B3E7-AB81240626A0}.Release|x64.Build.0 = Release|Any CPU
		{30B97471-0223-432E-B3E7-AB81240626A0}.Release|x86.ActiveCfg = Release|Any CPU
		{30B97471-0223-432E-B3E7-AB81240626A0}.Release|x86.Build.0 = Release|Any CPU
		{D0C50EFC-EBE0-4983-8B37-C497267A1F38}.Debug|Any CPU.ActiveCfg = Debug|Any CPU
		{D0C50EFC-EBE0-4983-8B37-C497267A1F38}.Debug|Any CPU.Build.0 = Debug|Any CPU
		{D0C50EFC-EBE0-4983-8B37-C497267A1F38}.Debug|ARM.ActiveCfg = Debug|Any CPU
		{D0C50EFC-EBE0-4983-8B37-C497267A1F38}.Debug|ARM.Build.0 = Debug|Any CPU
		{D0C50EFC-EBE0-4983-8B37-C497267A1F38}.Debug|ARM64.ActiveCfg = Debug|Any CPU
		{D0C50EFC-EBE0-4983-8B37-C497267A1F38}.Debug|ARM64.Build.0 = Debug|Any CPU
		{D0C50EFC-EBE0-4983-8B37-C497267A1F38}.Debug|x64.ActiveCfg = Debug|Any CPU
		{D0C50EFC-EBE0-4983-8B37-C497267A1F38}.Debug|x64.Build.0 = Debug|Any CPU
		{D0C50EFC-EBE0-4983-8B37-C497267A1F38}.Debug|x86.ActiveCfg = Debug|Any CPU
		{D0C50EFC-EBE0-4983-8B37-C497267A1F38}.Debug|x86.Build.0 = Debug|Any CPU
		{D0C50EFC-EBE0-4983-8B37-C497267A1F38}.Release|Any CPU.ActiveCfg = Release|Any CPU
		{D0C50EFC-EBE0-4983-8B37-C497267A1F38}.Release|Any CPU.Build.0 = Release|Any CPU
		{D0C50EFC-EBE0-4983-8B37-C497267A1F38}.Release|ARM.ActiveCfg = Release|Any CPU
		{D0C50EFC-EBE0-4983-8B37-C497267A1F38}.Release|ARM.Build.0 = Release|Any CPU
		{D0C50EFC-EBE0-4983-8B37-C497267A1F38}.Release|ARM64.ActiveCfg = Release|Any CPU
		{D0C50EFC-EBE0-4983-8B37-C497267A1F38}.Release|ARM64.Build.0 = Release|Any CPU
		{D0C50EFC-EBE0-4983-8B37-C497267A1F38}.Release|x64.ActiveCfg = Release|Any CPU
		{D0C50EFC-EBE0-4983-8B37-C497267A1F38}.Release|x64.Build.0 = Release|Any CPU
		{D0C50EFC-EBE0-4983-8B37-C497267A1F38}.Release|x86.ActiveCfg = Release|Any CPU
		{D0C50EFC-EBE0-4983-8B37-C497267A1F38}.Release|x86.Build.0 = Release|Any CPU
		{FBEE0AB2-0814-4769-BBC0-06D4D7637CD2}.Debug|Any CPU.ActiveCfg = Debug|Any CPU
		{FBEE0AB2-0814-4769-BBC0-06D4D7637CD2}.Debug|Any CPU.Build.0 = Debug|Any CPU
		{FBEE0AB2-0814-4769-BBC0-06D4D7637CD2}.Debug|ARM.ActiveCfg = Debug|Any CPU
		{FBEE0AB2-0814-4769-BBC0-06D4D7637CD2}.Debug|ARM.Build.0 = Debug|Any CPU
		{FBEE0AB2-0814-4769-BBC0-06D4D7637CD2}.Debug|ARM64.ActiveCfg = Debug|Any CPU
		{FBEE0AB2-0814-4769-BBC0-06D4D7637CD2}.Debug|ARM64.Build.0 = Debug|Any CPU
		{FBEE0AB2-0814-4769-BBC0-06D4D7637CD2}.Debug|x64.ActiveCfg = Debug|Any CPU
		{FBEE0AB2-0814-4769-BBC0-06D4D7637CD2}.Debug|x64.Build.0 = Debug|Any CPU
		{FBEE0AB2-0814-4769-BBC0-06D4D7637CD2}.Debug|x86.ActiveCfg = Debug|Any CPU
		{FBEE0AB2-0814-4769-BBC0-06D4D7637CD2}.Debug|x86.Build.0 = Debug|Any CPU
		{FBEE0AB2-0814-4769-BBC0-06D4D7637CD2}.Release|Any CPU.ActiveCfg = Release|Any CPU
		{FBEE0AB2-0814-4769-BBC0-06D4D7637CD2}.Release|Any CPU.Build.0 = Release|Any CPU
		{FBEE0AB2-0814-4769-BBC0-06D4D7637CD2}.Release|ARM.ActiveCfg = Release|Any CPU
		{FBEE0AB2-0814-4769-BBC0-06D4D7637CD2}.Release|ARM.Build.0 = Release|Any CPU
		{FBEE0AB2-0814-4769-BBC0-06D4D7637CD2}.Release|ARM64.ActiveCfg = Release|Any CPU
		{FBEE0AB2-0814-4769-BBC0-06D4D7637CD2}.Release|ARM64.Build.0 = Release|Any CPU
		{FBEE0AB2-0814-4769-BBC0-06D4D7637CD2}.Release|x64.ActiveCfg = Release|Any CPU
		{FBEE0AB2-0814-4769-BBC0-06D4D7637CD2}.Release|x64.Build.0 = Release|Any CPU
		{FBEE0AB2-0814-4769-BBC0-06D4D7637CD2}.Release|x86.ActiveCfg = Release|Any CPU
		{FBEE0AB2-0814-4769-BBC0-06D4D7637CD2}.Release|x86.Build.0 = Release|Any CPU
	EndGlobalSection
	GlobalSection(SolutionProperties) = preSolution
		HideSolutionNode = FALSE
	EndGlobalSection
	GlobalSection(ExtensibilityGlobals) = postSolution
		SolutionGuid = {3DCDF320-4E9A-42AF-844B-C8D383E53C70}
	EndGlobalSection
EndGlobal
