
Microsoft Visual Studio Solution File, Format Version 12.00
# Visual Studio Version 17
VisualStudioVersion = 17.6.33723.286
MinimumVisualStudioVersion = 10.0.40219.1
Project("{9A19103F-16F7-4668-BE54-9A1E7A4F7556}") = "CS_Study", "CS_Study\CS_Study.csproj", "{E58FAEAB-B305-48F4-84ED-BAE718604ED0}"
EndProject
Project("{FAE04EC0-301F-11D3-BF4B-00C04F79EFBC}") = "MathQuiz", "MathQuiz\MathQuiz.csproj", "{EEEBFE37-A198-401A-8BE9-0B7089BAD759}"
EndProject
Project("{9A19103F-16F7-4668-BE54-9A1E7A4F7556}") = "mslearn-dotnet-files", "mslearn-dotnet-files\mslearn-dotnet-files.csproj", "{0883EE47-6BE4-44E8-8C55-8F30D563F16B}"
EndProject
Project("{FAE04EC0-301F-11D3-BF4B-00C04F79EFBC}") = "PictureViewer", "PictureViewer\PictureViewer.csproj", "{232B29CB-8379-4F9A-A756-9423F51C8179}"
EndProject
Project("{FAE04EC0-301F-11D3-BF4B-00C04F79EFBC}") = "WindowsForms_main", "WindowsForms_main\WindowsForms_main.csproj", "{6C144B2C-46EF-4B36-BAE2-A66B93A1839B}"
EndProject
Project("{9A19103F-16F7-4668-BE54-9A1E7A4F7556}") = "SQLServer", "SQLServer\SQLServer.csproj", "{67DB9806-3A6F-44EE-86A7-6588982E8079}"
EndProject
Project("{9A19103F-16F7-4668-BE54-9A1E7A4F7556}") = "EFCore_MySQL", "EFCore_MySQL\EFCore_MySQL.csproj", "{CDAE12F2-4F21-4C9A-9261-3244D4962A1E}"
EndProject
Project("{9A19103F-16F7-4668-BE54-9A1E7A4F7556}") = "Calculator", "Calculator\Calculator.csproj", "{9EF3579D-5817-461B-9282-5FA1EE53A7C9}"
EndProject
Project("{9A19103F-16F7-4668-BE54-9A1E7A4F7556}") = "WPF_Names", "Names\WPF_Names.csproj", "{A0589C8F-2237-46FC-89E0-784CFD2FD6CB}"
EndProject
Project("{9A19103F-16F7-4668-BE54-9A1E7A4F7556}") = "EFCore_MVC", "EFCore_MVC\EFCore_MVC.csproj", "{EFEB6AD4-EDA1-4A75-B949-C22EA292986B}"
EndProject
Project("{2150E333-8FDC-42A3-9474-1A3956D46DE8}") = "솔루션 항목", "솔루션 항목", "{B4F0EB98-E699-47ED-91CA-875892F6BA10}"
	ProjectSection(SolutionItems) = preProject
		README.md = README.md
	EndProjectSection
EndProject
Project("{9A19103F-16F7-4668-BE54-9A1E7A4F7556}") = "EFCore_SQLServer", "EFCore_SQLServer\EFCore_SQLServer.csproj", "{16F95551-1F76-4870-A9D3-D8E2D76E113A}"
EndProject
Project("{9A19103F-16F7-4668-BE54-9A1E7A4F7556}") = "MainForm", "MainForm\MainForm.csproj", "{DDB054A3-E8B3-470C-B6FF-F1EECE5C38B0}"
EndProject
Project("{9A19103F-16F7-4668-BE54-9A1E7A4F7556}") = "EFCore_SQLite_WinForms", "EFCore_SQLite_WinForms\EFCore_SQLite_WinForms.csproj", "{81F5CF8A-3D71-4508-9373-B704AA68DB8E}"
EndProject
Project("{9A19103F-16F7-4668-BE54-9A1E7A4F7556}") = "ThisCS", "ThisCS\ThisCS.csproj", "{75901772-9D73-40B3-B87B-DC9BF07CA1D8}"
EndProject
Project("{9A19103F-16F7-4668-BE54-9A1E7A4F7556}") = "WPF_HelloWPFApp", "WPF_HelloWPFApp\WPF_HelloWPFApp.csproj", "{54770409-2C6F-4D62-8738-9F80B3416A0E}"
EndProject
Project("{9A19103F-16F7-4668-BE54-9A1E7A4F7556}") = "ConfirmedPublish", "solace-samples-dotnet-master\src\ConfirmedDelivery\ConfirmedPublish.csproj", "{4C553644-9955-4DC1-A7C3-1383AEED36FC}"
EndProject
Project("{9A19103F-16F7-4668-BE54-9A1E7A4F7556}") = "TopicSubscriber", "solace-samples-dotnet-master\src\TopicSubscriber\TopicSubscriber.csproj", "{708D405A-EBEF-46A3-B58F-CC6350A60763}"
EndProject
Project("{9A19103F-16F7-4668-BE54-9A1E7A4F7556}") = "TopicPublisher", "solace-samples-dotnet-master\src\TopicPublisher\TopicPublisher.csproj", "{E5380C09-A227-44F7-A7D1-FF7A2A0BEF56}"
EndProject
Project("{9A19103F-16F7-4668-BE54-9A1E7A4F7556}") = "Solace_Sub_DX_WinForms", "Solace_Sub_DX_WinForms\Solace_Sub_DX_WinForms.csproj", "{4EF27C50-8D6E-4139-9BFA-818A537631CB}"
EndProject
Project("{9A19103F-16F7-4668-BE54-9A1E7A4F7556}") = "Solace_Pub_DX_WinForms", "Solace_Pub_DX_WinForms\Solace_Pub_DX_WinForms.csproj", "{49069656-B9D7-49EC-BC0C-3D6D1AA0A783}"
EndProject
Project("{FAE04EC0-301F-11D3-BF4B-00C04F79EFBC}") = "DesignPattern_Factory1", "DesignPattern_Factory1\DesignPattern_Factory1.csproj", "{74498DBB-33DC-46E7-9A7F-EE20776A9071}"
EndProject
Project("{FAE04EC0-301F-11D3-BF4B-00C04F79EFBC}") = "DesignPattern_Factory2", "DesignPattern_Factory2\DesignPattern_Factory2.csproj", "{E2A06871-0E8C-455F-8AC1-0FB648E12749}"
EndProject
Project("{9A19103F-16F7-4668-BE54-9A1E7A4F7556}") = "TopicToQueueMapping", "solace-samples-dotnet-master\src\TopicToQueueMapping\TopicToQueueMapping.csproj", "{233A9E0B-14F8-40BA-94D3-C52B97CBB7E9}"
EndProject
Project("{9A19103F-16F7-4668-BE54-9A1E7A4F7556}") = "QueueProducer", "solace-samples-dotnet-master\src\QueueProducer\QueueProducer.csproj", "{8EB9C7D1-3278-40A5-B156-B338A49EB74E}"
EndProject
Project("{9A19103F-16F7-4668-BE54-9A1E7A4F7556}") = "QueueConsumer", "solace-samples-dotnet-master\src\QueueConsumer\QueueConsumer.csproj", "{352F9780-3E03-4D9E-812D-5B723C996795}"
EndProject
Global
	GlobalSection(SolutionConfigurationPlatforms) = preSolution
		Debug|Any CPU = Debug|Any CPU
		Release|Any CPU = Release|Any CPU
	EndGlobalSection
	GlobalSection(ProjectConfigurationPlatforms) = postSolution
		{E58FAEAB-B305-48F4-84ED-BAE718604ED0}.Debug|Any CPU.ActiveCfg = Debug|Any CPU
		{E58FAEAB-B305-48F4-84ED-BAE718604ED0}.Debug|Any CPU.Build.0 = Debug|Any CPU
		{E58FAEAB-B305-48F4-84ED-BAE718604ED0}.Release|Any CPU.ActiveCfg = Release|Any CPU
		{E58FAEAB-B305-48F4-84ED-BAE718604ED0}.Release|Any CPU.Build.0 = Release|Any CPU
		{EEEBFE37-A198-401A-8BE9-0B7089BAD759}.Debug|Any CPU.ActiveCfg = Debug|Any CPU
		{EEEBFE37-A198-401A-8BE9-0B7089BAD759}.Debug|Any CPU.Build.0 = Debug|Any CPU
		{EEEBFE37-A198-401A-8BE9-0B7089BAD759}.Release|Any CPU.ActiveCfg = Release|Any CPU
		{EEEBFE37-A198-401A-8BE9-0B7089BAD759}.Release|Any CPU.Build.0 = Release|Any CPU
		{0883EE47-6BE4-44E8-8C55-8F30D563F16B}.Debug|Any CPU.ActiveCfg = Debug|Any CPU
		{0883EE47-6BE4-44E8-8C55-8F30D563F16B}.Debug|Any CPU.Build.0 = Debug|Any CPU
		{0883EE47-6BE4-44E8-8C55-8F30D563F16B}.Release|Any CPU.ActiveCfg = Release|Any CPU
		{0883EE47-6BE4-44E8-8C55-8F30D563F16B}.Release|Any CPU.Build.0 = Release|Any CPU
		{232B29CB-8379-4F9A-A756-9423F51C8179}.Debug|Any CPU.ActiveCfg = Debug|Any CPU
		{232B29CB-8379-4F9A-A756-9423F51C8179}.Debug|Any CPU.Build.0 = Debug|Any CPU
		{232B29CB-8379-4F9A-A756-9423F51C8179}.Release|Any CPU.ActiveCfg = Release|Any CPU
		{232B29CB-8379-4F9A-A756-9423F51C8179}.Release|Any CPU.Build.0 = Release|Any CPU
		{6C144B2C-46EF-4B36-BAE2-A66B93A1839B}.Debug|Any CPU.ActiveCfg = Debug|Any CPU
		{6C144B2C-46EF-4B36-BAE2-A66B93A1839B}.Debug|Any CPU.Build.0 = Debug|Any CPU
		{6C144B2C-46EF-4B36-BAE2-A66B93A1839B}.Release|Any CPU.ActiveCfg = Release|Any CPU
		{6C144B2C-46EF-4B36-BAE2-A66B93A1839B}.Release|Any CPU.Build.0 = Release|Any CPU
		{67DB9806-3A6F-44EE-86A7-6588982E8079}.Debug|Any CPU.ActiveCfg = Debug|Any CPU
		{67DB9806-3A6F-44EE-86A7-6588982E8079}.Debug|Any CPU.Build.0 = Debug|Any CPU
		{67DB9806-3A6F-44EE-86A7-6588982E8079}.Release|Any CPU.ActiveCfg = Release|Any CPU
		{67DB9806-3A6F-44EE-86A7-6588982E8079}.Release|Any CPU.Build.0 = Release|Any CPU
		{CDAE12F2-4F21-4C9A-9261-3244D4962A1E}.Debug|Any CPU.ActiveCfg = Debug|Any CPU
		{CDAE12F2-4F21-4C9A-9261-3244D4962A1E}.Debug|Any CPU.Build.0 = Debug|Any CPU
		{CDAE12F2-4F21-4C9A-9261-3244D4962A1E}.Release|Any CPU.ActiveCfg = Release|Any CPU
		{CDAE12F2-4F21-4C9A-9261-3244D4962A1E}.Release|Any CPU.Build.0 = Release|Any CPU
		{9EF3579D-5817-461B-9282-5FA1EE53A7C9}.Debug|Any CPU.ActiveCfg = Debug|Any CPU
		{9EF3579D-5817-461B-9282-5FA1EE53A7C9}.Debug|Any CPU.Build.0 = Debug|Any CPU
		{9EF3579D-5817-461B-9282-5FA1EE53A7C9}.Release|Any CPU.ActiveCfg = Release|Any CPU
		{9EF3579D-5817-461B-9282-5FA1EE53A7C9}.Release|Any CPU.Build.0 = Release|Any CPU
		{A0589C8F-2237-46FC-89E0-784CFD2FD6CB}.Debug|Any CPU.ActiveCfg = Debug|Any CPU
		{A0589C8F-2237-46FC-89E0-784CFD2FD6CB}.Debug|Any CPU.Build.0 = Debug|Any CPU
		{A0589C8F-2237-46FC-89E0-784CFD2FD6CB}.Release|Any CPU.ActiveCfg = Release|Any CPU
		{A0589C8F-2237-46FC-89E0-784CFD2FD6CB}.Release|Any CPU.Build.0 = Release|Any CPU
		{EFEB6AD4-EDA1-4A75-B949-C22EA292986B}.Debug|Any CPU.ActiveCfg = Debug|Any CPU
		{EFEB6AD4-EDA1-4A75-B949-C22EA292986B}.Debug|Any CPU.Build.0 = Debug|Any CPU
		{EFEB6AD4-EDA1-4A75-B949-C22EA292986B}.Release|Any CPU.ActiveCfg = Release|Any CPU
		{EFEB6AD4-EDA1-4A75-B949-C22EA292986B}.Release|Any CPU.Build.0 = Release|Any CPU
		{16F95551-1F76-4870-A9D3-D8E2D76E113A}.Debug|Any CPU.ActiveCfg = Debug|Any CPU
		{16F95551-1F76-4870-A9D3-D8E2D76E113A}.Debug|Any CPU.Build.0 = Debug|Any CPU
		{16F95551-1F76-4870-A9D3-D8E2D76E113A}.Release|Any CPU.ActiveCfg = Release|Any CPU
		{16F95551-1F76-4870-A9D3-D8E2D76E113A}.Release|Any CPU.Build.0 = Release|Any CPU
		{DDB054A3-E8B3-470C-B6FF-F1EECE5C38B0}.Debug|Any CPU.ActiveCfg = Debug|Any CPU
		{DDB054A3-E8B3-470C-B6FF-F1EECE5C38B0}.Debug|Any CPU.Build.0 = Debug|Any CPU
		{DDB054A3-E8B3-470C-B6FF-F1EECE5C38B0}.Release|Any CPU.ActiveCfg = Release|Any CPU
		{DDB054A3-E8B3-470C-B6FF-F1EECE5C38B0}.Release|Any CPU.Build.0 = Release|Any CPU
		{81F5CF8A-3D71-4508-9373-B704AA68DB8E}.Debug|Any CPU.ActiveCfg = Debug|Any CPU
		{81F5CF8A-3D71-4508-9373-B704AA68DB8E}.Debug|Any CPU.Build.0 = Debug|Any CPU
		{81F5CF8A-3D71-4508-9373-B704AA68DB8E}.Release|Any CPU.ActiveCfg = Release|Any CPU
		{81F5CF8A-3D71-4508-9373-B704AA68DB8E}.Release|Any CPU.Build.0 = Release|Any CPU
		{75901772-9D73-40B3-B87B-DC9BF07CA1D8}.Debug|Any CPU.ActiveCfg = Debug|Any CPU
		{75901772-9D73-40B3-B87B-DC9BF07CA1D8}.Debug|Any CPU.Build.0 = Debug|Any CPU
		{75901772-9D73-40B3-B87B-DC9BF07CA1D8}.Release|Any CPU.ActiveCfg = Release|Any CPU
		{75901772-9D73-40B3-B87B-DC9BF07CA1D8}.Release|Any CPU.Build.0 = Release|Any CPU
		{54770409-2C6F-4D62-8738-9F80B3416A0E}.Debug|Any CPU.ActiveCfg = Debug|Any CPU
		{54770409-2C6F-4D62-8738-9F80B3416A0E}.Debug|Any CPU.Build.0 = Debug|Any CPU
		{54770409-2C6F-4D62-8738-9F80B3416A0E}.Release|Any CPU.ActiveCfg = Release|Any CPU
		{54770409-2C6F-4D62-8738-9F80B3416A0E}.Release|Any CPU.Build.0 = Release|Any CPU
		{4C553644-9955-4DC1-A7C3-1383AEED36FC}.Debug|Any CPU.ActiveCfg = Debug|Any CPU
		{4C553644-9955-4DC1-A7C3-1383AEED36FC}.Debug|Any CPU.Build.0 = Debug|Any CPU
		{4C553644-9955-4DC1-A7C3-1383AEED36FC}.Release|Any CPU.ActiveCfg = Release|Any CPU
		{4C553644-9955-4DC1-A7C3-1383AEED36FC}.Release|Any CPU.Build.0 = Release|Any CPU
		{708D405A-EBEF-46A3-B58F-CC6350A60763}.Debug|Any CPU.ActiveCfg = Debug|Any CPU
		{708D405A-EBEF-46A3-B58F-CC6350A60763}.Debug|Any CPU.Build.0 = Debug|Any CPU
		{708D405A-EBEF-46A3-B58F-CC6350A60763}.Release|Any CPU.ActiveCfg = Release|Any CPU
		{708D405A-EBEF-46A3-B58F-CC6350A60763}.Release|Any CPU.Build.0 = Release|Any CPU
		{E5380C09-A227-44F7-A7D1-FF7A2A0BEF56}.Debug|Any CPU.ActiveCfg = Debug|Any CPU
		{E5380C09-A227-44F7-A7D1-FF7A2A0BEF56}.Debug|Any CPU.Build.0 = Debug|Any CPU
		{E5380C09-A227-44F7-A7D1-FF7A2A0BEF56}.Release|Any CPU.ActiveCfg = Release|Any CPU
		{E5380C09-A227-44F7-A7D1-FF7A2A0BEF56}.Release|Any CPU.Build.0 = Release|Any CPU
		{4EF27C50-8D6E-4139-9BFA-818A537631CB}.Debug|Any CPU.ActiveCfg = Debug|Any CPU
		{4EF27C50-8D6E-4139-9BFA-818A537631CB}.Debug|Any CPU.Build.0 = Debug|Any CPU
		{4EF27C50-8D6E-4139-9BFA-818A537631CB}.Release|Any CPU.ActiveCfg = Release|Any CPU
		{4EF27C50-8D6E-4139-9BFA-818A537631CB}.Release|Any CPU.Build.0 = Release|Any CPU
		{49069656-B9D7-49EC-BC0C-3D6D1AA0A783}.Debug|Any CPU.ActiveCfg = Debug|Any CPU
		{49069656-B9D7-49EC-BC0C-3D6D1AA0A783}.Debug|Any CPU.Build.0 = Debug|Any CPU
		{49069656-B9D7-49EC-BC0C-3D6D1AA0A783}.Release|Any CPU.ActiveCfg = Release|Any CPU
		{49069656-B9D7-49EC-BC0C-3D6D1AA0A783}.Release|Any CPU.Build.0 = Release|Any CPU
		{74498DBB-33DC-46E7-9A7F-EE20776A9071}.Debug|Any CPU.ActiveCfg = Debug|Any CPU
		{74498DBB-33DC-46E7-9A7F-EE20776A9071}.Debug|Any CPU.Build.0 = Debug|Any CPU
		{74498DBB-33DC-46E7-9A7F-EE20776A9071}.Release|Any CPU.ActiveCfg = Release|Any CPU
		{74498DBB-33DC-46E7-9A7F-EE20776A9071}.Release|Any CPU.Build.0 = Release|Any CPU
		{E2A06871-0E8C-455F-8AC1-0FB648E12749}.Debug|Any CPU.ActiveCfg = Debug|Any CPU
		{E2A06871-0E8C-455F-8AC1-0FB648E12749}.Debug|Any CPU.Build.0 = Debug|Any CPU
		{E2A06871-0E8C-455F-8AC1-0FB648E12749}.Release|Any CPU.ActiveCfg = Release|Any CPU
		{E2A06871-0E8C-455F-8AC1-0FB648E12749}.Release|Any CPU.Build.0 = Release|Any CPU
		{233A9E0B-14F8-40BA-94D3-C52B97CBB7E9}.Debug|Any CPU.ActiveCfg = Debug|Any CPU
		{233A9E0B-14F8-40BA-94D3-C52B97CBB7E9}.Debug|Any CPU.Build.0 = Debug|Any CPU
		{233A9E0B-14F8-40BA-94D3-C52B97CBB7E9}.Release|Any CPU.ActiveCfg = Release|Any CPU
		{233A9E0B-14F8-40BA-94D3-C52B97CBB7E9}.Release|Any CPU.Build.0 = Release|Any CPU
		{8EB9C7D1-3278-40A5-B156-B338A49EB74E}.Debug|Any CPU.ActiveCfg = Debug|Any CPU
		{8EB9C7D1-3278-40A5-B156-B338A49EB74E}.Debug|Any CPU.Build.0 = Debug|Any CPU
		{8EB9C7D1-3278-40A5-B156-B338A49EB74E}.Release|Any CPU.ActiveCfg = Release|Any CPU
		{8EB9C7D1-3278-40A5-B156-B338A49EB74E}.Release|Any CPU.Build.0 = Release|Any CPU
		{352F9780-3E03-4D9E-812D-5B723C996795}.Debug|Any CPU.ActiveCfg = Debug|Any CPU
		{352F9780-3E03-4D9E-812D-5B723C996795}.Debug|Any CPU.Build.0 = Debug|Any CPU
		{352F9780-3E03-4D9E-812D-5B723C996795}.Release|Any CPU.ActiveCfg = Release|Any CPU
		{352F9780-3E03-4D9E-812D-5B723C996795}.Release|Any CPU.Build.0 = Release|Any CPU
	EndGlobalSection
	GlobalSection(SolutionProperties) = preSolution
		HideSolutionNode = FALSE
	EndGlobalSection
	GlobalSection(ExtensibilityGlobals) = postSolution
		SolutionGuid = {3DCDF320-4E9A-42AF-844B-C8D383E53C70}
	EndGlobalSection
EndGlobal
