
Microsoft Visual Studio Solution File, Format Version 12.00
# Visual Studio Version 17
VisualStudioVersion = 17.6.33723.286
MinimumVisualStudioVersion = 10.0.40219.1
Project("{FAE04EC0-301F-11D3-BF4B-00C04F79EFBC}") = "Oracle_EFCore", "Oracle_EFCore\Oracle_EFCore.csproj", "{EDD6598E-5C4D-4B69-A466-7361A40F9823}"
EndProject
Global
	GlobalSection(SolutionConfigurationPlatforms) = preSolution
		Debug|Any CPU = Debug|Any CPU
		Release|Any CPU = Release|Any CPU
	EndGlobalSection
	GlobalSection(ProjectConfigurationPlatforms) = postSolution
		{EDD6598E-5C4D-4B69-A466-7361A40F9823}.Debug|Any CPU.ActiveCfg = Debug|Any CPU
		{EDD6598E-5C4D-4B69-A466-7361A40F9823}.Debug|Any CPU.Build.0 = Debug|Any CPU
		{EDD6598E-5C4D-4B69-A466-7361A40F9823}.Release|Any CPU.ActiveCfg = Release|Any CPU
		{EDD6598E-5C4D-4B69-A466-7361A40F9823}.Release|Any CPU.Build.0 = Release|Any CPU
	EndGlobalSection
	GlobalSection(SolutionProperties) = preSolution
		HideSolutionNode = FALSE
	EndGlobalSection
	GlobalSection(ExtensibilityGlobals) = postSolution
		SolutionGuid = {B96625D9-633A-4EE0-B484-04B1F34FCF33}
	EndGlobalSection
EndGlobal
